// !$*UTF8*$!
{
	archiveVersion = 1;
	classes = {
	};
	objectVersion = 46;
	objects = {

/* Begin PBXBuildFile section */
		00E356F31AD99517003FC87E /* LocationAppTests.m in Sources */ = {isa = PBXBuildFile; fileRef = 00E356F21AD99517003FC87E /* LocationAppTests.m */; };
		0DF546181478A3B311978C24 /* libPods-LocationApp-tvOS.a in Frameworks */ = {isa = PBXBuildFile; fileRef = 7BCC238522C72B57A579DBDE /* libPods-LocationApp-tvOS.a */; };
		13B07FBC1A68108700A75B9A /* AppDelegate.m in Sources */ = {isa = PBXBuildFile; fileRef = 13B07FB01A68108700A75B9A /* AppDelegate.m */; };
		13B07FBF1A68108700A75B9A /* Images.xcassets in Resources */ = {isa = PBXBuildFile; fileRef = 13B07FB51A68108700A75B9A /* Images.xcassets */; };
		13B07FC11A68108700A75B9A /* main.m in Sources */ = {isa = PBXBuildFile; fileRef = 13B07FB71A68108700A75B9A /* main.m */; };
		15F9629CF19D48F58926A458 /* AntDesign.ttf in Resources */ = {isa = PBXBuildFile; fileRef = 666E703AEE8F4ADB859B510B /* AntDesign.ttf */; };
		2C924BF234F24E1992F7550E /* FontAwesome.ttf in Resources */ = {isa = PBXBuildFile; fileRef = 6245BF2375CE4BE6A133E366 /* FontAwesome.ttf */; };
		2D02E4BC1E0B4A80006451C7 /* AppDelegate.m in Sources */ = {isa = PBXBuildFile; fileRef = 13B07FB01A68108700A75B9A /* AppDelegate.m */; };
		2D02E4BD1E0B4A84006451C7 /* Images.xcassets in Resources */ = {isa = PBXBuildFile; fileRef = 13B07FB51A68108700A75B9A /* Images.xcassets */; };
		2D02E4BF1E0B4AB3006451C7 /* main.m in Sources */ = {isa = PBXBuildFile; fileRef = 13B07FB71A68108700A75B9A /* main.m */; };
		2DCD954D1E0B4F2C00145EB5 /* LocationAppTests.m in Sources */ = {isa = PBXBuildFile; fileRef = 00E356F21AD99517003FC87E /* LocationAppTests.m */; };
		2F934A2C274E47879B6472CC /* Entypo.ttf in Resources */ = {isa = PBXBuildFile; fileRef = 192C71FE14A8488795EEFF71 /* Entypo.ttf */; };
		3CCF63C1C6FF473BA7165AEB /* MaterialIcons.ttf in Resources */ = {isa = PBXBuildFile; fileRef = 268CA2C57CC3437B91D32160 /* MaterialIcons.ttf */; };
		46B27F7DE88A455F9CC49AE2 /* MaterialCommunityIcons.ttf in Resources */ = {isa = PBXBuildFile; fileRef = 9C94B721886D4C088A465291 /* MaterialCommunityIcons.ttf */; };
		4C0DBFBAF28B426085C920BC /* EvilIcons.ttf in Resources */ = {isa = PBXBuildFile; fileRef = 516C64526CF54248B7793037 /* EvilIcons.ttf */; };
		565D40ABF6204E6C8C5B777C /* Octicons.ttf in Resources */ = {isa = PBXBuildFile; fileRef = E18316F3322F4F33BCD0A2B1 /* Octicons.ttf */; };
		5828185DDFB64DC59D4354AB /* Fontisto.ttf in Resources */ = {isa = PBXBuildFile; fileRef = 7D570A149B994B0EBEF69805 /* Fontisto.ttf */; };
		68B1FC461F6C454BAE41C5BC /* FuturaPT-ExtraBold.otf in Resources */ = {isa = PBXBuildFile; fileRef = 7DCD93102D6949CD9A7EDD04 /* FuturaPT-ExtraBold.otf */; };
		6C5B76BCA23E49ACA3A8A131 /* SimpleLineIcons.ttf in Resources */ = {isa = PBXBuildFile; fileRef = DCB44AB59C7E4B518F36BFC8 /* SimpleLineIcons.ttf */; };
		75064DDDF03B45B6B722478C /* FuturaPT-Light.otf in Resources */ = {isa = PBXBuildFile; fileRef = 40C755042CF34CB8BC2AF65A /* FuturaPT-Light.otf */; };
		81AB9BB82411601600AC10FF /* LaunchScreen.storyboard in Resources */ = {isa = PBXBuildFile; fileRef = 81AB9BB72411601600AC10FF /* LaunchScreen.storyboard */; };
		83D75CD2F9934EB99B0433AE /* Feather.ttf in Resources */ = {isa = PBXBuildFile; fileRef = A0EC1BCA88D4484383B27000 /* Feather.ttf */; };
		86B38CD6F7F3418E8A4240F7 /* FuturaPT-Bold.otf in Resources */ = {isa = PBXBuildFile; fileRef = C012AD0BCE2A4AA49E1EA9AE /* FuturaPT-Bold.otf */; };
		8EE910035A084E9A80A2503B /* Foundation.ttf in Resources */ = {isa = PBXBuildFile; fileRef = 434487FA1C974117B4248474 /* Foundation.ttf */; };
		9E70FCE3D1DE49CCBD8B771A /* FontAwesome5_Brands.ttf in Resources */ = {isa = PBXBuildFile; fileRef = E7AB7283EB4340658DE0F60E /* FontAwesome5_Brands.ttf */; };
		B1F0A29D43BE435B8DF9291F /* FuturaPT-Heavy.otf in Resources */ = {isa = PBXBuildFile; fileRef = 39DE48A7C51B4CECB84298FF /* FuturaPT-Heavy.otf */; };
		B22A22EEC7DF4548808D3420 /* libPods-LocationApp-LocationAppTests.a in Frameworks */ = {isa = PBXBuildFile; fileRef = EA42C6797679D87D3C618634 /* libPods-LocationApp-LocationAppTests.a */; };
		BBE8A5B284AF36EDD80EF999 /* libPods-LocationApp.a in Frameworks */ = {isa = PBXBuildFile; fileRef = E82598AF79A62D7B74AA54DE /* libPods-LocationApp.a */; };
		C85E706689484DA29EC47877 /* Ionicons.ttf in Resources */ = {isa = PBXBuildFile; fileRef = 63E30F6012264968829E4B86 /* Ionicons.ttf */; };
		CC95310FBB48B4E1ACB2A83C /* libPods-LocationApp-tvOSTests.a in Frameworks */ = {isa = PBXBuildFile; fileRef = E5F84A0E626652ED5390DB33 /* libPods-LocationApp-tvOSTests.a */; };
		DF1C4A2D604F44C0A0BBF099 /* FuturaPT-Medium.otf in Resources */ = {isa = PBXBuildFile; fileRef = 65614C7AAEBE444F9A6FBA5F /* FuturaPT-Medium.otf */; };
		E337250D86244139A651051D /* FuturaPT-Demi.otf in Resources */ = {isa = PBXBuildFile; fileRef = 1ADA69E058E440A081A7E4EC /* FuturaPT-Demi.otf */; };
		EBDB5A3AF4BC486285F6922D /* FuturaPT-Book.otf in Resources */ = {isa = PBXBuildFile; fileRef = 741C3C0C98CE49E5B99C8A36 /* FuturaPT-Book.otf */; };
		F6450F2C04C34150BB1853C5 /* FontAwesome5_Regular.ttf in Resources */ = {isa = PBXBuildFile; fileRef = 7E7000C83AD349029938E6CE /* FontAwesome5_Regular.ttf */; };
		F65965BC463F4E4D86F04D2D /* FontAwesome5_Solid.ttf in Resources */ = {isa = PBXBuildFile; fileRef = EC131A1A702E4235A9A87DAA /* FontAwesome5_Solid.ttf */; };
		FB9DDEC893B94097922B9C51 /* Zocial.ttf in Resources */ = {isa = PBXBuildFile; fileRef = AB7DD52A09DA4FC1B4606DF6 /* Zocial.ttf */; };
		C9A0DE4F4C0C47A18F407F24 /* HelveticaNowText-Black.otf in Resources */ = {isa = PBXBuildFile; fileRef = B4C37CB4A35449E4B5DC4C4E /* HelveticaNowText-Black.otf */; };
		683594CECC104D37883D3AC8 /* HelveticaNowText-BlackItalic.otf in Resources */ = {isa = PBXBuildFile; fileRef = D01F27865637493C9EE1763F /* HelveticaNowText-BlackItalic.otf */; };
		590EFD1BA75E4A21831F4471 /* HelveticaNowText-Bold.otf in Resources */ = {isa = PBXBuildFile; fileRef = B20A9A8B616F44A0AD8D4829 /* HelveticaNowText-Bold.otf */; };
		916AA2609A3043FC9E433176 /* HelveticaNowText-BoldItalic.otf in Resources */ = {isa = PBXBuildFile; fileRef = F0A014E880934BE4A26B258E /* HelveticaNowText-BoldItalic.otf */; };
		9017DF000E7348ABA39B11DE /* HelveticaNowText-ExtBdIta.otf in Resources */ = {isa = PBXBuildFile; fileRef = E801129F483F4EE4A2624A9B /* HelveticaNowText-ExtBdIta.otf */; };
		27FBA6F8DAF44A8B934D11D6 /* HelveticaNowText-ExtLtIta.otf in Resources */ = {isa = PBXBuildFile; fileRef = 3FBA02B417614C31B3C48DBF /* HelveticaNowText-ExtLtIta.otf */; };
		7F7CDAF904E44E04B9FFA5CD /* HelveticaNowText-ExtraBold.otf in Resources */ = {isa = PBXBuildFile; fileRef = 5F7397129B3C40D0838E075C /* HelveticaNowText-ExtraBold.otf */; };
		B4F8FA02B37A489389486828 /* HelveticaNowText-ExtraLight.otf in Resources */ = {isa = PBXBuildFile; fileRef = 3FDE5B6595C942BDB7377B18 /* HelveticaNowText-ExtraLight.otf */; };
		C14EA4C90F4D4258A0079FBB /* HelveticaNowText-Light.otf in Resources */ = {isa = PBXBuildFile; fileRef = 624222018C304D30A5865482 /* HelveticaNowText-Light.otf */; };
		9BC651E51AA84966A500D87D /* HelveticaNowText-LightItalic.otf in Resources */ = {isa = PBXBuildFile; fileRef = AF262F90A5484C349721BF6F /* HelveticaNowText-LightItalic.otf */; };
		F6CE671C0090421198F82AE5 /* HelveticaNowText-Medium.otf in Resources */ = {isa = PBXBuildFile; fileRef = 1C76382A0BDB4B33B87AF9AA /* HelveticaNowText-Medium.otf */; };
		DE1D7806BFBD414CBD8FB5EA /* HelveticaNowText-MediumItalic.otf in Resources */ = {isa = PBXBuildFile; fileRef = 7FBE43217D9E4E69AE9568EC /* HelveticaNowText-MediumItalic.otf */; };
		F5C84A6AEBAE4FAE9D654C6B /* HelveticaNowText-RegIta.otf in Resources */ = {isa = PBXBuildFile; fileRef = B0110675860F44ECA5391571 /* HelveticaNowText-RegIta.otf */; };
		72A3241C2E3D41BF930E97A2 /* HelveticaNowText-Regular.otf in Resources */ = {isa = PBXBuildFile; fileRef = 5FAD8D6D385C43A097520A5F /* HelveticaNowText-Regular.otf */; };
		4D3E5DED85B244DFAFFE3108 /* HelveticaNowText-Thin.otf in Resources */ = {isa = PBXBuildFile; fileRef = 889FC1FF8E0745FC96F8AB67 /* HelveticaNowText-Thin.otf */; };
		75F835C65C1448AB83CAB5BA /* HelveticaNowText-ThinItalic.otf in Resources */ = {isa = PBXBuildFile; fileRef = 32FE03DB1EE646E7BA97EFA5 /* HelveticaNowText-ThinItalic.otf */; };
		EDDE83BBCE06452EA7B85B4E /* Roboto-Black.ttf in Resources */ = {isa = PBXBuildFile; fileRef = 72A9D18D48334AFD8A5F662C /* Roboto-Black.ttf */; };
		928450ECE7D947B4B519ECDD /* Roboto-BlackItalic.ttf in Resources */ = {isa = PBXBuildFile; fileRef = 1EBF4920B5684B9CA604563A /* Roboto-BlackItalic.ttf */; };
		5B9A9674E7F14591B8995100 /* Roboto-Bold.ttf in Resources */ = {isa = PBXBuildFile; fileRef = 1B83C8E57BD9419AA9A38FBC /* Roboto-Bold.ttf */; };
		52C7736EC12E4EB68F410774 /* Roboto-BoldItalic.ttf in Resources */ = {isa = PBXBuildFile; fileRef = 0D570B1084CE4EB89B54B742 /* Roboto-BoldItalic.ttf */; };
		E9DD1817A1A64003AB7DED4C /* Roboto-Italic.ttf in Resources */ = {isa = PBXBuildFile; fileRef = BAF51CF5DFAB471A9B3E3842 /* Roboto-Italic.ttf */; };
		E78C9A1804CC40A2A7F7CCA4 /* Roboto-Light.ttf in Resources */ = {isa = PBXBuildFile; fileRef = 7E2FDD26474F4545AAD8D376 /* Roboto-Light.ttf */; };
		FCA5CC0855CC4E97BF8EA731 /* Roboto-LightItalic.ttf in Resources */ = {isa = PBXBuildFile; fileRef = 70D338D6E6E1491E80D093FD /* Roboto-LightItalic.ttf */; };
		0C7271F7E9794F5DA3938B42 /* Roboto-Medium.ttf in Resources */ = {isa = PBXBuildFile; fileRef = 1E49486E13EA4A55AE2906A8 /* Roboto-Medium.ttf */; };
		7A3447377C144DBD96AF7C71 /* Roboto-MediumItalic.ttf in Resources */ = {isa = PBXBuildFile; fileRef = 76BB7490E0724B6A85AD9912 /* Roboto-MediumItalic.ttf */; };
		56C0599518F14CD48F0D470B /* Roboto-Regular.ttf in Resources */ = {isa = PBXBuildFile; fileRef = 87DD7862AB5C4B2CB62CE51E /* Roboto-Regular.ttf */; };
		E505EC75C39644D2A8DE8D10 /* Roboto-Thin.ttf in Resources */ = {isa = PBXBuildFile; fileRef = 8439EC627BFE43A4ACDE988D /* Roboto-Thin.ttf */; };
		C18C996C0BC24D65865FC2CC /* Roboto-ThinItalic.ttf in Resources */ = {isa = PBXBuildFile; fileRef = 6FD58EA8737C4D38AA39CA88 /* Roboto-ThinItalic.ttf */; };
/* End PBXBuildFile section */

/* Begin PBXContainerItemProxy section */
		00E356F41AD99517003FC87E /* PBXContainerItemProxy */ = {
			isa = PBXContainerItemProxy;
			containerPortal = 83CBB9F71A601CBA00E9B192 /* Project object */;
			proxyType = 1;
			remoteGlobalIDString = 13B07F861A680F5B00A75B9A;
			remoteInfo = LocationApp;
		};
		2D02E4911E0B4A5D006451C7 /* PBXContainerItemProxy */ = {
			isa = PBXContainerItemProxy;
			containerPortal = 83CBB9F71A601CBA00E9B192 /* Project object */;
			proxyType = 1;
			remoteGlobalIDString = 2D02E47A1E0B4A5D006451C7;
			remoteInfo = "LocationApp-tvOS";
		};
/* End PBXContainerItemProxy section */

/* Begin PBXFileReference section */
		008F07F21AC5B25A0029DE68 /* main.jsbundle */ = {isa = PBXFileReference; fileEncoding = 4; lastKnownFileType = text; path = main.jsbundle; sourceTree = "<group>"; };
		00E356EE1AD99517003FC87E /* LocationAppTests.xctest */ = {isa = PBXFileReference; explicitFileType = wrapper.cfbundle; includeInIndex = 0; path = LocationAppTests.xctest; sourceTree = BUILT_PRODUCTS_DIR; };
		00E356F11AD99517003FC87E /* Info.plist */ = {isa = PBXFileReference; lastKnownFileType = text.plist.xml; path = Info.plist; sourceTree = "<group>"; };
		00E356F21AD99517003FC87E /* LocationAppTests.m */ = {isa = PBXFileReference; lastKnownFileType = sourcecode.c.objc; path = LocationAppTests.m; sourceTree = "<group>"; };
		076C47FF013F5F0579BB03B1 /* Pods-LocationApp.release.xcconfig */ = {isa = PBXFileReference; includeInIndex = 1; lastKnownFileType = text.xcconfig; name = "Pods-LocationApp.release.xcconfig"; path = "Target Support Files/Pods-LocationApp/Pods-LocationApp.release.xcconfig"; sourceTree = "<group>"; };
		13B07F961A680F5B00A75B9A /* LocationApp.app */ = {isa = PBXFileReference; explicitFileType = wrapper.application; includeInIndex = 0; path = LocationApp.app; sourceTree = BUILT_PRODUCTS_DIR; };
		13B07FAF1A68108700A75B9A /* AppDelegate.h */ = {isa = PBXFileReference; fileEncoding = 4; lastKnownFileType = sourcecode.c.h; name = AppDelegate.h; path = LocationApp/AppDelegate.h; sourceTree = "<group>"; };
		13B07FB01A68108700A75B9A /* AppDelegate.m */ = {isa = PBXFileReference; fileEncoding = 4; lastKnownFileType = sourcecode.c.objc; name = AppDelegate.m; path = LocationApp/AppDelegate.m; sourceTree = "<group>"; };
		13B07FB51A68108700A75B9A /* Images.xcassets */ = {isa = PBXFileReference; lastKnownFileType = folder.assetcatalog; name = Images.xcassets; path = LocationApp/Images.xcassets; sourceTree = "<group>"; };
		13B07FB61A68108700A75B9A /* Info.plist */ = {isa = PBXFileReference; fileEncoding = 4; lastKnownFileType = text.plist.xml; name = Info.plist; path = LocationApp/Info.plist; sourceTree = "<group>"; };
		13B07FB71A68108700A75B9A /* main.m */ = {isa = PBXFileReference; fileEncoding = 4; lastKnownFileType = sourcecode.c.objc; name = main.m; path = LocationApp/main.m; sourceTree = "<group>"; };
		192C71FE14A8488795EEFF71 /* Entypo.ttf */ = {isa = PBXFileReference; explicitFileType = undefined; fileEncoding = 9; includeInIndex = 0; lastKnownFileType = unknown; name = Entypo.ttf; path = "../node_modules/react-native-vector-icons/Fonts/Entypo.ttf"; sourceTree = "<group>"; };
		1ADA69E058E440A081A7E4EC /* FuturaPT-Demi.otf */ = {isa = PBXFileReference; explicitFileType = undefined; fileEncoding = 9; includeInIndex = 0; lastKnownFileType = unknown; name = "FuturaPT-Demi.otf"; path = "../src/assets/fonts/FuturaPT-Demi.otf"; sourceTree = "<group>"; };
		268CA2C57CC3437B91D32160 /* MaterialIcons.ttf */ = {isa = PBXFileReference; explicitFileType = undefined; fileEncoding = 9; includeInIndex = 0; lastKnownFileType = unknown; name = MaterialIcons.ttf; path = "../node_modules/react-native-vector-icons/Fonts/MaterialIcons.ttf"; sourceTree = "<group>"; };
		2D02E47B1E0B4A5D006451C7 /* LocationApp-tvOS.app */ = {isa = PBXFileReference; explicitFileType = wrapper.application; includeInIndex = 0; path = "LocationApp-tvOS.app"; sourceTree = BUILT_PRODUCTS_DIR; };
		2D02E4901E0B4A5D006451C7 /* LocationApp-tvOSTests.xctest */ = {isa = PBXFileReference; explicitFileType = wrapper.cfbundle; includeInIndex = 0; path = "LocationApp-tvOSTests.xctest"; sourceTree = BUILT_PRODUCTS_DIR; };
		39DE48A7C51B4CECB84298FF /* FuturaPT-Heavy.otf */ = {isa = PBXFileReference; explicitFileType = undefined; fileEncoding = 9; includeInIndex = 0; lastKnownFileType = unknown; name = "FuturaPT-Heavy.otf"; path = "../src/assets/fonts/FuturaPT-Heavy.otf"; sourceTree = "<group>"; };
		3F738F6C68A9B811F84823DE /* Pods-LocationApp-tvOS.release.xcconfig */ = {isa = PBXFileReference; includeInIndex = 1; lastKnownFileType = text.xcconfig; name = "Pods-LocationApp-tvOS.release.xcconfig"; path = "Target Support Files/Pods-LocationApp-tvOS/Pods-LocationApp-tvOS.release.xcconfig"; sourceTree = "<group>"; };
		40C755042CF34CB8BC2AF65A /* FuturaPT-Light.otf */ = {isa = PBXFileReference; explicitFileType = undefined; fileEncoding = 9; includeInIndex = 0; lastKnownFileType = unknown; name = "FuturaPT-Light.otf"; path = "../src/assets/fonts/FuturaPT-Light.otf"; sourceTree = "<group>"; };
		434487FA1C974117B4248474 /* Foundation.ttf */ = {isa = PBXFileReference; explicitFileType = undefined; fileEncoding = 9; includeInIndex = 0; lastKnownFileType = unknown; name = Foundation.ttf; path = "../node_modules/react-native-vector-icons/Fonts/Foundation.ttf"; sourceTree = "<group>"; };
		43D8BA774C066ECE15309D2C /* Pods-LocationApp-LocationAppTests.release.xcconfig */ = {isa = PBXFileReference; includeInIndex = 1; lastKnownFileType = text.xcconfig; name = "Pods-LocationApp-LocationAppTests.release.xcconfig"; path = "Target Support Files/Pods-LocationApp-LocationAppTests/Pods-LocationApp-LocationAppTests.release.xcconfig"; sourceTree = "<group>"; };
		4B988C4FA4869D3F6228757D /* Pods-LocationApp-tvOSTests.debug.xcconfig */ = {isa = PBXFileReference; includeInIndex = 1; lastKnownFileType = text.xcconfig; name = "Pods-LocationApp-tvOSTests.debug.xcconfig"; path = "Target Support Files/Pods-LocationApp-tvOSTests/Pods-LocationApp-tvOSTests.debug.xcconfig"; sourceTree = "<group>"; };
		516C64526CF54248B7793037 /* EvilIcons.ttf */ = {isa = PBXFileReference; explicitFileType = undefined; fileEncoding = 9; includeInIndex = 0; lastKnownFileType = unknown; name = EvilIcons.ttf; path = "../node_modules/react-native-vector-icons/Fonts/EvilIcons.ttf"; sourceTree = "<group>"; };
		53261066296801D3EAB71B93 /* Pods-LocationApp-tvOSTests.release.xcconfig */ = {isa = PBXFileReference; includeInIndex = 1; lastKnownFileType = text.xcconfig; name = "Pods-LocationApp-tvOSTests.release.xcconfig"; path = "Target Support Files/Pods-LocationApp-tvOSTests/Pods-LocationApp-tvOSTests.release.xcconfig"; sourceTree = "<group>"; };
		5FA144BB0EB66E0F30F144FB /* Pods-LocationApp-LocationAppTests.debug.xcconfig */ = {isa = PBXFileReference; includeInIndex = 1; lastKnownFileType = text.xcconfig; name = "Pods-LocationApp-LocationAppTests.debug.xcconfig"; path = "Target Support Files/Pods-LocationApp-LocationAppTests/Pods-LocationApp-LocationAppTests.debug.xcconfig"; sourceTree = "<group>"; };
		6245BF2375CE4BE6A133E366 /* FontAwesome.ttf */ = {isa = PBXFileReference; explicitFileType = undefined; fileEncoding = 9; includeInIndex = 0; lastKnownFileType = unknown; name = FontAwesome.ttf; path = "../node_modules/react-native-vector-icons/Fonts/FontAwesome.ttf"; sourceTree = "<group>"; };
		63E30F6012264968829E4B86 /* Ionicons.ttf */ = {isa = PBXFileReference; explicitFileType = undefined; fileEncoding = 9; includeInIndex = 0; lastKnownFileType = unknown; name = Ionicons.ttf; path = "../node_modules/react-native-vector-icons/Fonts/Ionicons.ttf"; sourceTree = "<group>"; };
		65614C7AAEBE444F9A6FBA5F /* FuturaPT-Medium.otf */ = {isa = PBXFileReference; explicitFileType = undefined; fileEncoding = 9; includeInIndex = 0; lastKnownFileType = unknown; name = "FuturaPT-Medium.otf"; path = "../src/assets/fonts/FuturaPT-Medium.otf"; sourceTree = "<group>"; };
		666E703AEE8F4ADB859B510B /* AntDesign.ttf */ = {isa = PBXFileReference; explicitFileType = undefined; fileEncoding = 9; includeInIndex = 0; lastKnownFileType = unknown; name = AntDesign.ttf; path = "../node_modules/react-native-vector-icons/Fonts/AntDesign.ttf"; sourceTree = "<group>"; };
		741C3C0C98CE49E5B99C8A36 /* FuturaPT-Book.otf */ = {isa = PBXFileReference; explicitFileType = undefined; fileEncoding = 9; includeInIndex = 0; lastKnownFileType = unknown; name = "FuturaPT-Book.otf"; path = "../src/assets/fonts/FuturaPT-Book.otf"; sourceTree = "<group>"; };
		7BCC238522C72B57A579DBDE /* libPods-LocationApp-tvOS.a */ = {isa = PBXFileReference; explicitFileType = archive.ar; includeInIndex = 0; path = "libPods-LocationApp-tvOS.a"; sourceTree = BUILT_PRODUCTS_DIR; };
		7D570A149B994B0EBEF69805 /* Fontisto.ttf */ = {isa = PBXFileReference; explicitFileType = undefined; fileEncoding = 9; includeInIndex = 0; lastKnownFileType = unknown; name = Fontisto.ttf; path = "../node_modules/react-native-vector-icons/Fonts/Fontisto.ttf"; sourceTree = "<group>"; };
		7DCD93102D6949CD9A7EDD04 /* FuturaPT-ExtraBold.otf */ = {isa = PBXFileReference; explicitFileType = undefined; fileEncoding = 9; includeInIndex = 0; lastKnownFileType = unknown; name = "FuturaPT-ExtraBold.otf"; path = "../src/assets/fonts/FuturaPT-ExtraBold.otf"; sourceTree = "<group>"; };
		7E7000C83AD349029938E6CE /* FontAwesome5_Regular.ttf */ = {isa = PBXFileReference; explicitFileType = undefined; fileEncoding = 9; includeInIndex = 0; lastKnownFileType = unknown; name = FontAwesome5_Regular.ttf; path = "../node_modules/react-native-vector-icons/Fonts/FontAwesome5_Regular.ttf"; sourceTree = "<group>"; };
		81AB9BB72411601600AC10FF /* LaunchScreen.storyboard */ = {isa = PBXFileReference; fileEncoding = 4; lastKnownFileType = file.storyboard; name = LaunchScreen.storyboard; path = LocationApp/LaunchScreen.storyboard; sourceTree = "<group>"; };
		9C94B721886D4C088A465291 /* MaterialCommunityIcons.ttf */ = {isa = PBXFileReference; explicitFileType = undefined; fileEncoding = 9; includeInIndex = 0; lastKnownFileType = unknown; name = MaterialCommunityIcons.ttf; path = "../node_modules/react-native-vector-icons/Fonts/MaterialCommunityIcons.ttf"; sourceTree = "<group>"; };
		A0EC1BCA88D4484383B27000 /* Feather.ttf */ = {isa = PBXFileReference; explicitFileType = undefined; fileEncoding = 9; includeInIndex = 0; lastKnownFileType = unknown; name = Feather.ttf; path = "../node_modules/react-native-vector-icons/Fonts/Feather.ttf"; sourceTree = "<group>"; };
		A370D59BA12D0ED473634033 /* Pods-LocationApp-tvOS.debug.xcconfig */ = {isa = PBXFileReference; includeInIndex = 1; lastKnownFileType = text.xcconfig; name = "Pods-LocationApp-tvOS.debug.xcconfig"; path = "Target Support Files/Pods-LocationApp-tvOS/Pods-LocationApp-tvOS.debug.xcconfig"; sourceTree = "<group>"; };
		AB7DD52A09DA4FC1B4606DF6 /* Zocial.ttf */ = {isa = PBXFileReference; explicitFileType = undefined; fileEncoding = 9; includeInIndex = 0; lastKnownFileType = unknown; name = Zocial.ttf; path = "../node_modules/react-native-vector-icons/Fonts/Zocial.ttf"; sourceTree = "<group>"; };
		C012AD0BCE2A4AA49E1EA9AE /* FuturaPT-Bold.otf */ = {isa = PBXFileReference; explicitFileType = undefined; fileEncoding = 9; includeInIndex = 0; lastKnownFileType = unknown; name = "FuturaPT-Bold.otf"; path = "../src/assets/fonts/FuturaPT-Bold.otf"; sourceTree = "<group>"; };
		C1456F575E4470459D9C9681 /* Pods-LocationApp.debug.xcconfig */ = {isa = PBXFileReference; includeInIndex = 1; lastKnownFileType = text.xcconfig; name = "Pods-LocationApp.debug.xcconfig"; path = "Target Support Files/Pods-LocationApp/Pods-LocationApp.debug.xcconfig"; sourceTree = "<group>"; };
		DCB44AB59C7E4B518F36BFC8 /* SimpleLineIcons.ttf */ = {isa = PBXFileReference; explicitFileType = undefined; fileEncoding = 9; includeInIndex = 0; lastKnownFileType = unknown; name = SimpleLineIcons.ttf; path = "../node_modules/react-native-vector-icons/Fonts/SimpleLineIcons.ttf"; sourceTree = "<group>"; };
		E18316F3322F4F33BCD0A2B1 /* Octicons.ttf */ = {isa = PBXFileReference; explicitFileType = undefined; fileEncoding = 9; includeInIndex = 0; lastKnownFileType = unknown; name = Octicons.ttf; path = "../node_modules/react-native-vector-icons/Fonts/Octicons.ttf"; sourceTree = "<group>"; };
		E5F84A0E626652ED5390DB33 /* libPods-LocationApp-tvOSTests.a */ = {isa = PBXFileReference; explicitFileType = archive.ar; includeInIndex = 0; path = "libPods-LocationApp-tvOSTests.a"; sourceTree = BUILT_PRODUCTS_DIR; };
		E7AB7283EB4340658DE0F60E /* FontAwesome5_Brands.ttf */ = {isa = PBXFileReference; explicitFileType = undefined; fileEncoding = 9; includeInIndex = 0; lastKnownFileType = unknown; name = FontAwesome5_Brands.ttf; path = "../node_modules/react-native-vector-icons/Fonts/FontAwesome5_Brands.ttf"; sourceTree = "<group>"; };
		E82598AF79A62D7B74AA54DE /* libPods-LocationApp.a */ = {isa = PBXFileReference; explicitFileType = archive.ar; includeInIndex = 0; path = "libPods-LocationApp.a"; sourceTree = BUILT_PRODUCTS_DIR; };
		EA42C6797679D87D3C618634 /* libPods-LocationApp-LocationAppTests.a */ = {isa = PBXFileReference; explicitFileType = archive.ar; includeInIndex = 0; path = "libPods-LocationApp-LocationAppTests.a"; sourceTree = BUILT_PRODUCTS_DIR; };
		EC131A1A702E4235A9A87DAA /* FontAwesome5_Solid.ttf */ = {isa = PBXFileReference; explicitFileType = undefined; fileEncoding = 9; includeInIndex = 0; lastKnownFileType = unknown; name = FontAwesome5_Solid.ttf; path = "../node_modules/react-native-vector-icons/Fonts/FontAwesome5_Solid.ttf"; sourceTree = "<group>"; };
		ED297162215061F000B7C4FE /* JavaScriptCore.framework */ = {isa = PBXFileReference; lastKnownFileType = wrapper.framework; name = JavaScriptCore.framework; path = System/Library/Frameworks/JavaScriptCore.framework; sourceTree = SDKROOT; };
		ED2971642150620600B7C4FE /* JavaScriptCore.framework */ = {isa = PBXFileReference; lastKnownFileType = wrapper.framework; name = JavaScriptCore.framework; path = Platforms/AppleTVOS.platform/Developer/SDKs/AppleTVOS12.0.sdk/System/Library/Frameworks/JavaScriptCore.framework; sourceTree = DEVELOPER_DIR; };
		B4C37CB4A35449E4B5DC4C4E /* HelveticaNowText-Black.otf */ = {isa = PBXFileReference; name = "HelveticaNowText-Black.otf"; path = "../src/assets/fonts/HelveticaNowText-Black.otf"; sourceTree = "<group>"; fileEncoding = undefined; lastKnownFileType = unknown; explicitFileType = undefined; includeInIndex = 0; };
		D01F27865637493C9EE1763F /* HelveticaNowText-BlackItalic.otf */ = {isa = PBXFileReference; name = "HelveticaNowText-BlackItalic.otf"; path = "../src/assets/fonts/HelveticaNowText-BlackItalic.otf"; sourceTree = "<group>"; fileEncoding = undefined; lastKnownFileType = unknown; explicitFileType = undefined; includeInIndex = 0; };
		B20A9A8B616F44A0AD8D4829 /* HelveticaNowText-Bold.otf */ = {isa = PBXFileReference; name = "HelveticaNowText-Bold.otf"; path = "../src/assets/fonts/HelveticaNowText-Bold.otf"; sourceTree = "<group>"; fileEncoding = undefined; lastKnownFileType = unknown; explicitFileType = undefined; includeInIndex = 0; };
		F0A014E880934BE4A26B258E /* HelveticaNowText-BoldItalic.otf */ = {isa = PBXFileReference; name = "HelveticaNowText-BoldItalic.otf"; path = "../src/assets/fonts/HelveticaNowText-BoldItalic.otf"; sourceTree = "<group>"; fileEncoding = undefined; lastKnownFileType = unknown; explicitFileType = undefined; includeInIndex = 0; };
		E801129F483F4EE4A2624A9B /* HelveticaNowText-ExtBdIta.otf */ = {isa = PBXFileReference; name = "HelveticaNowText-ExtBdIta.otf"; path = "../src/assets/fonts/HelveticaNowText-ExtBdIta.otf"; sourceTree = "<group>"; fileEncoding = undefined; lastKnownFileType = unknown; explicitFileType = undefined; includeInIndex = 0; };
		3FBA02B417614C31B3C48DBF /* HelveticaNowText-ExtLtIta.otf */ = {isa = PBXFileReference; name = "HelveticaNowText-ExtLtIta.otf"; path = "../src/assets/fonts/HelveticaNowText-ExtLtIta.otf"; sourceTree = "<group>"; fileEncoding = undefined; lastKnownFileType = unknown; explicitFileType = undefined; includeInIndex = 0; };
		5F7397129B3C40D0838E075C /* HelveticaNowText-ExtraBold.otf */ = {isa = PBXFileReference; name = "HelveticaNowText-ExtraBold.otf"; path = "../src/assets/fonts/HelveticaNowText-ExtraBold.otf"; sourceTree = "<group>"; fileEncoding = undefined; lastKnownFileType = unknown; explicitFileType = undefined; includeInIndex = 0; };
		3FDE5B6595C942BDB7377B18 /* HelveticaNowText-ExtraLight.otf */ = {isa = PBXFileReference; name = "HelveticaNowText-ExtraLight.otf"; path = "../src/assets/fonts/HelveticaNowText-ExtraLight.otf"; sourceTree = "<group>"; fileEncoding = undefined; lastKnownFileType = unknown; explicitFileType = undefined; includeInIndex = 0; };
		624222018C304D30A5865482 /* HelveticaNowText-Light.otf */ = {isa = PBXFileReference; name = "HelveticaNowText-Light.otf"; path = "../src/assets/fonts/HelveticaNowText-Light.otf"; sourceTree = "<group>"; fileEncoding = undefined; lastKnownFileType = unknown; explicitFileType = undefined; includeInIndex = 0; };
		AF262F90A5484C349721BF6F /* HelveticaNowText-LightItalic.otf */ = {isa = PBXFileReference; name = "HelveticaNowText-LightItalic.otf"; path = "../src/assets/fonts/HelveticaNowText-LightItalic.otf"; sourceTree = "<group>"; fileEncoding = undefined; lastKnownFileType = unknown; explicitFileType = undefined; includeInIndex = 0; };
		1C76382A0BDB4B33B87AF9AA /* HelveticaNowText-Medium.otf */ = {isa = PBXFileReference; name = "HelveticaNowText-Medium.otf"; path = "../src/assets/fonts/HelveticaNowText-Medium.otf"; sourceTree = "<group>"; fileEncoding = undefined; lastKnownFileType = unknown; explicitFileType = undefined; includeInIndex = 0; };
		7FBE43217D9E4E69AE9568EC /* HelveticaNowText-MediumItalic.otf */ = {isa = PBXFileReference; name = "HelveticaNowText-MediumItalic.otf"; path = "../src/assets/fonts/HelveticaNowText-MediumItalic.otf"; sourceTree = "<group>"; fileEncoding = undefined; lastKnownFileType = unknown; explicitFileType = undefined; includeInIndex = 0; };
		B0110675860F44ECA5391571 /* HelveticaNowText-RegIta.otf */ = {isa = PBXFileReference; name = "HelveticaNowText-RegIta.otf"; path = "../src/assets/fonts/HelveticaNowText-RegIta.otf"; sourceTree = "<group>"; fileEncoding = undefined; lastKnownFileType = unknown; explicitFileType = undefined; includeInIndex = 0; };
		5FAD8D6D385C43A097520A5F /* HelveticaNowText-Regular.otf */ = {isa = PBXFileReference; name = "HelveticaNowText-Regular.otf"; path = "../src/assets/fonts/HelveticaNowText-Regular.otf"; sourceTree = "<group>"; fileEncoding = undefined; lastKnownFileType = unknown; explicitFileType = undefined; includeInIndex = 0; };
		889FC1FF8E0745FC96F8AB67 /* HelveticaNowText-Thin.otf */ = {isa = PBXFileReference; name = "HelveticaNowText-Thin.otf"; path = "../src/assets/fonts/HelveticaNowText-Thin.otf"; sourceTree = "<group>"; fileEncoding = undefined; lastKnownFileType = unknown; explicitFileType = undefined; includeInIndex = 0; };
		32FE03DB1EE646E7BA97EFA5 /* HelveticaNowText-ThinItalic.otf */ = {isa = PBXFileReference; name = "HelveticaNowText-ThinItalic.otf"; path = "../src/assets/fonts/HelveticaNowText-ThinItalic.otf"; sourceTree = "<group>"; fileEncoding = undefined; lastKnownFileType = unknown; explicitFileType = undefined; includeInIndex = 0; };
		72A9D18D48334AFD8A5F662C /* Roboto-Black.ttf */ = {isa = PBXFileReference; name = "Roboto-Black.ttf"; path = "../src/assets/fonts/Roboto-Black.ttf"; sourceTree = "<group>"; fileEncoding = undefined; lastKnownFileType = unknown; explicitFileType = undefined; includeInIndex = 0; };
		1EBF4920B5684B9CA604563A /* Roboto-BlackItalic.ttf */ = {isa = PBXFileReference; name = "Roboto-BlackItalic.ttf"; path = "../src/assets/fonts/Roboto-BlackItalic.ttf"; sourceTree = "<group>"; fileEncoding = undefined; lastKnownFileType = unknown; explicitFileType = undefined; includeInIndex = 0; };
		1B83C8E57BD9419AA9A38FBC /* Roboto-Bold.ttf */ = {isa = PBXFileReference; name = "Roboto-Bold.ttf"; path = "../src/assets/fonts/Roboto-Bold.ttf"; sourceTree = "<group>"; fileEncoding = undefined; lastKnownFileType = unknown; explicitFileType = undefined; includeInIndex = 0; };
		0D570B1084CE4EB89B54B742 /* Roboto-BoldItalic.ttf */ = {isa = PBXFileReference; name = "Roboto-BoldItalic.ttf"; path = "../src/assets/fonts/Roboto-BoldItalic.ttf"; sourceTree = "<group>"; fileEncoding = undefined; lastKnownFileType = unknown; explicitFileType = undefined; includeInIndex = 0; };
		BAF51CF5DFAB471A9B3E3842 /* Roboto-Italic.ttf */ = {isa = PBXFileReference; name = "Roboto-Italic.ttf"; path = "../src/assets/fonts/Roboto-Italic.ttf"; sourceTree = "<group>"; fileEncoding = undefined; lastKnownFileType = unknown; explicitFileType = undefined; includeInIndex = 0; };
		7E2FDD26474F4545AAD8D376 /* Roboto-Light.ttf */ = {isa = PBXFileReference; name = "Roboto-Light.ttf"; path = "../src/assets/fonts/Roboto-Light.ttf"; sourceTree = "<group>"; fileEncoding = undefined; lastKnownFileType = unknown; explicitFileType = undefined; includeInIndex = 0; };
		70D338D6E6E1491E80D093FD /* Roboto-LightItalic.ttf */ = {isa = PBXFileReference; name = "Roboto-LightItalic.ttf"; path = "../src/assets/fonts/Roboto-LightItalic.ttf"; sourceTree = "<group>"; fileEncoding = undefined; lastKnownFileType = unknown; explicitFileType = undefined; includeInIndex = 0; };
		1E49486E13EA4A55AE2906A8 /* Roboto-Medium.ttf */ = {isa = PBXFileReference; name = "Roboto-Medium.ttf"; path = "../src/assets/fonts/Roboto-Medium.ttf"; sourceTree = "<group>"; fileEncoding = undefined; lastKnownFileType = unknown; explicitFileType = undefined; includeInIndex = 0; };
		76BB7490E0724B6A85AD9912 /* Roboto-MediumItalic.ttf */ = {isa = PBXFileReference; name = "Roboto-MediumItalic.ttf"; path = "../src/assets/fonts/Roboto-MediumItalic.ttf"; sourceTree = "<group>"; fileEncoding = undefined; lastKnownFileType = unknown; explicitFileType = undefined; includeInIndex = 0; };
		87DD7862AB5C4B2CB62CE51E /* Roboto-Regular.ttf */ = {isa = PBXFileReference; name = "Roboto-Regular.ttf"; path = "../src/assets/fonts/Roboto-Regular.ttf"; sourceTree = "<group>"; fileEncoding = undefined; lastKnownFileType = unknown; explicitFileType = undefined; includeInIndex = 0; };
		8439EC627BFE43A4ACDE988D /* Roboto-Thin.ttf */ = {isa = PBXFileReference; name = "Roboto-Thin.ttf"; path = "../src/assets/fonts/Roboto-Thin.ttf"; sourceTree = "<group>"; fileEncoding = undefined; lastKnownFileType = unknown; explicitFileType = undefined; includeInIndex = 0; };
		6FD58EA8737C4D38AA39CA88 /* Roboto-ThinItalic.ttf */ = {isa = PBXFileReference; name = "Roboto-ThinItalic.ttf"; path = "../src/assets/fonts/Roboto-ThinItalic.ttf"; sourceTree = "<group>"; fileEncoding = undefined; lastKnownFileType = unknown; explicitFileType = undefined; includeInIndex = 0; };
/* End PBXFileReference section */

/* Begin PBXFrameworksBuildPhase section */
		00E356EB1AD99517003FC87E /* Frameworks */ = {
			isa = PBXFrameworksBuildPhase;
			buildActionMask = 2147483647;
			files = (
				B22A22EEC7DF4548808D3420 /* libPods-LocationApp-LocationAppTests.a in Frameworks */,
			);
			runOnlyForDeploymentPostprocessing = 0;
		};
		13B07F8C1A680F5B00A75B9A /* Frameworks */ = {
			isa = PBXFrameworksBuildPhase;
			buildActionMask = 2147483647;
			files = (
				BBE8A5B284AF36EDD80EF999 /* libPods-LocationApp.a in Frameworks */,
			);
			runOnlyForDeploymentPostprocessing = 0;
		};
		2D02E4781E0B4A5D006451C7 /* Frameworks */ = {
			isa = PBXFrameworksBuildPhase;
			buildActionMask = 2147483647;
			files = (
				0DF546181478A3B311978C24 /* libPods-LocationApp-tvOS.a in Frameworks */,
			);
			runOnlyForDeploymentPostprocessing = 0;
		};
		2D02E48D1E0B4A5D006451C7 /* Frameworks */ = {
			isa = PBXFrameworksBuildPhase;
			buildActionMask = 2147483647;
			files = (
				CC95310FBB48B4E1ACB2A83C /* libPods-LocationApp-tvOSTests.a in Frameworks */,
			);
			runOnlyForDeploymentPostprocessing = 0;
		};
/* End PBXFrameworksBuildPhase section */

/* Begin PBXGroup section */
		00E356EF1AD99517003FC87E /* LocationAppTests */ = {
			isa = PBXGroup;
			children = (
				00E356F21AD99517003FC87E /* LocationAppTests.m */,
				00E356F01AD99517003FC87E /* Supporting Files */,
			);
			path = LocationAppTests;
			sourceTree = "<group>";
		};
		00E356F01AD99517003FC87E /* Supporting Files */ = {
			isa = PBXGroup;
			children = (
				00E356F11AD99517003FC87E /* Info.plist */,
			);
			name = "Supporting Files";
			sourceTree = "<group>";
		};
		13B07FAE1A68108700A75B9A /* LocationApp */ = {
			isa = PBXGroup;
			children = (
				008F07F21AC5B25A0029DE68 /* main.jsbundle */,
				13B07FAF1A68108700A75B9A /* AppDelegate.h */,
				13B07FB01A68108700A75B9A /* AppDelegate.m */,
				13B07FB51A68108700A75B9A /* Images.xcassets */,
				13B07FB61A68108700A75B9A /* Info.plist */,
				81AB9BB72411601600AC10FF /* LaunchScreen.storyboard */,
				13B07FB71A68108700A75B9A /* main.m */,
			);
			name = LocationApp;
			sourceTree = "<group>";
		};
		2D16E6871FA4F8E400B85C8A /* Frameworks */ = {
			isa = PBXGroup;
			children = (
				ED297162215061F000B7C4FE /* JavaScriptCore.framework */,
				ED2971642150620600B7C4FE /* JavaScriptCore.framework */,
				E82598AF79A62D7B74AA54DE /* libPods-LocationApp.a */,
				EA42C6797679D87D3C618634 /* libPods-LocationApp-LocationAppTests.a */,
				7BCC238522C72B57A579DBDE /* libPods-LocationApp-tvOS.a */,
				E5F84A0E626652ED5390DB33 /* libPods-LocationApp-tvOSTests.a */,
			);
			name = Frameworks;
			sourceTree = "<group>";
		};
		68D9F273082E4444B80A920E /* Resources */ = {
			isa = PBXGroup;
			children = (
				C012AD0BCE2A4AA49E1EA9AE /* FuturaPT-Bold.otf */,
				741C3C0C98CE49E5B99C8A36 /* FuturaPT-Book.otf */,
				1ADA69E058E440A081A7E4EC /* FuturaPT-Demi.otf */,
				7DCD93102D6949CD9A7EDD04 /* FuturaPT-ExtraBold.otf */,
				40C755042CF34CB8BC2AF65A /* FuturaPT-Light.otf */,
				65614C7AAEBE444F9A6FBA5F /* FuturaPT-Medium.otf */,
				39DE48A7C51B4CECB84298FF /* FuturaPT-Heavy.otf */,
				666E703AEE8F4ADB859B510B /* AntDesign.ttf */,
				192C71FE14A8488795EEFF71 /* Entypo.ttf */,
				516C64526CF54248B7793037 /* EvilIcons.ttf */,
				A0EC1BCA88D4484383B27000 /* Feather.ttf */,
				6245BF2375CE4BE6A133E366 /* FontAwesome.ttf */,
				E7AB7283EB4340658DE0F60E /* FontAwesome5_Brands.ttf */,
				7E7000C83AD349029938E6CE /* FontAwesome5_Regular.ttf */,
				EC131A1A702E4235A9A87DAA /* FontAwesome5_Solid.ttf */,
				7D570A149B994B0EBEF69805 /* Fontisto.ttf */,
				434487FA1C974117B4248474 /* Foundation.ttf */,
				63E30F6012264968829E4B86 /* Ionicons.ttf */,
				9C94B721886D4C088A465291 /* MaterialCommunityIcons.ttf */,
				268CA2C57CC3437B91D32160 /* MaterialIcons.ttf */,
				E18316F3322F4F33BCD0A2B1 /* Octicons.ttf */,
				DCB44AB59C7E4B518F36BFC8 /* SimpleLineIcons.ttf */,
				AB7DD52A09DA4FC1B4606DF6 /* Zocial.ttf */,
				B4C37CB4A35449E4B5DC4C4E /* HelveticaNowText-Black.otf */,
				D01F27865637493C9EE1763F /* HelveticaNowText-BlackItalic.otf */,
				B20A9A8B616F44A0AD8D4829 /* HelveticaNowText-Bold.otf */,
				F0A014E880934BE4A26B258E /* HelveticaNowText-BoldItalic.otf */,
				E801129F483F4EE4A2624A9B /* HelveticaNowText-ExtBdIta.otf */,
				3FBA02B417614C31B3C48DBF /* HelveticaNowText-ExtLtIta.otf */,
				5F7397129B3C40D0838E075C /* HelveticaNowText-ExtraBold.otf */,
				3FDE5B6595C942BDB7377B18 /* HelveticaNowText-ExtraLight.otf */,
				624222018C304D30A5865482 /* HelveticaNowText-Light.otf */,
				AF262F90A5484C349721BF6F /* HelveticaNowText-LightItalic.otf */,
				1C76382A0BDB4B33B87AF9AA /* HelveticaNowText-Medium.otf */,
				7FBE43217D9E4E69AE9568EC /* HelveticaNowText-MediumItalic.otf */,
				B0110675860F44ECA5391571 /* HelveticaNowText-RegIta.otf */,
				5FAD8D6D385C43A097520A5F /* HelveticaNowText-Regular.otf */,
				889FC1FF8E0745FC96F8AB67 /* HelveticaNowText-Thin.otf */,
				32FE03DB1EE646E7BA97EFA5 /* HelveticaNowText-ThinItalic.otf */,
				72A9D18D48334AFD8A5F662C /* Roboto-Black.ttf */,
				1EBF4920B5684B9CA604563A /* Roboto-BlackItalic.ttf */,
				1B83C8E57BD9419AA9A38FBC /* Roboto-Bold.ttf */,
				0D570B1084CE4EB89B54B742 /* Roboto-BoldItalic.ttf */,
				BAF51CF5DFAB471A9B3E3842 /* Roboto-Italic.ttf */,
				7E2FDD26474F4545AAD8D376 /* Roboto-Light.ttf */,
				70D338D6E6E1491E80D093FD /* Roboto-LightItalic.ttf */,
				1E49486E13EA4A55AE2906A8 /* Roboto-Medium.ttf */,
				76BB7490E0724B6A85AD9912 /* Roboto-MediumItalic.ttf */,
				87DD7862AB5C4B2CB62CE51E /* Roboto-Regular.ttf */,
				8439EC627BFE43A4ACDE988D /* Roboto-Thin.ttf */,
				6FD58EA8737C4D38AA39CA88 /* Roboto-ThinItalic.ttf */,
			);
			name = Resources;
			sourceTree = "<group>";
		};
		832341AE1AAA6A7D00B99B32 /* Libraries */ = {
			isa = PBXGroup;
			children = (
			);
			name = Libraries;
			sourceTree = "<group>";
		};
		83CBB9F61A601CBA00E9B192 = {
			isa = PBXGroup;
			children = (
				13B07FAE1A68108700A75B9A /* LocationApp */,
				832341AE1AAA6A7D00B99B32 /* Libraries */,
				00E356EF1AD99517003FC87E /* LocationAppTests */,
				83CBBA001A601CBA00E9B192 /* Products */,
				2D16E6871FA4F8E400B85C8A /* Frameworks */,
				68D9F273082E4444B80A920E /* Resources */,
				E5E3B7C9F6E21C6F961556DD /* Pods */,
			);
			indentWidth = 2;
			sourceTree = "<group>";
			tabWidth = 2;
			usesTabs = 0;
		};
		83CBBA001A601CBA00E9B192 /* Products */ = {
			isa = PBXGroup;
			children = (
				13B07F961A680F5B00A75B9A /* LocationApp.app */,
				00E356EE1AD99517003FC87E /* LocationAppTests.xctest */,
				2D02E47B1E0B4A5D006451C7 /* LocationApp-tvOS.app */,
				2D02E4901E0B4A5D006451C7 /* LocationApp-tvOSTests.xctest */,
			);
			name = Products;
			sourceTree = "<group>";
		};
		E5E3B7C9F6E21C6F961556DD /* Pods */ = {
			isa = PBXGroup;
			children = (
				C1456F575E4470459D9C9681 /* Pods-LocationApp.debug.xcconfig */,
				076C47FF013F5F0579BB03B1 /* Pods-LocationApp.release.xcconfig */,
				5FA144BB0EB66E0F30F144FB /* Pods-LocationApp-LocationAppTests.debug.xcconfig */,
				43D8BA774C066ECE15309D2C /* Pods-LocationApp-LocationAppTests.release.xcconfig */,
				A370D59BA12D0ED473634033 /* Pods-LocationApp-tvOS.debug.xcconfig */,
				3F738F6C68A9B811F84823DE /* Pods-LocationApp-tvOS.release.xcconfig */,
				4B988C4FA4869D3F6228757D /* Pods-LocationApp-tvOSTests.debug.xcconfig */,
				53261066296801D3EAB71B93 /* Pods-LocationApp-tvOSTests.release.xcconfig */,
			);
			path = Pods;
			sourceTree = "<group>";
		};
/* End PBXGroup section */

/* Begin PBXNativeTarget section */
		00E356ED1AD99517003FC87E /* LocationAppTests */ = {
			isa = PBXNativeTarget;
			buildConfigurationList = 00E357021AD99517003FC87E /* Build configuration list for PBXNativeTarget "LocationAppTests" */;
			buildPhases = (
				1D5B0B5A1EEF13482754B663 /* [CP] Check Pods Manifest.lock */,
				00E356EA1AD99517003FC87E /* Sources */,
				00E356EB1AD99517003FC87E /* Frameworks */,
				00E356EC1AD99517003FC87E /* Resources */,
				4FE75A0F01D74BD978D424DD /* [CP] Copy Pods Resources */,
			);
			buildRules = (
			);
			dependencies = (
				00E356F51AD99517003FC87E /* PBXTargetDependency */,
			);
			name = LocationAppTests;
			productName = LocationAppTests;
			productReference = 00E356EE1AD99517003FC87E /* LocationAppTests.xctest */;
			productType = "com.apple.product-type.bundle.unit-test";
		};
		13B07F861A680F5B00A75B9A /* LocationApp */ = {
			isa = PBXNativeTarget;
			buildConfigurationList = 13B07F931A680F5B00A75B9A /* Build configuration list for PBXNativeTarget "LocationApp" */;
			buildPhases = (
				B92B399BA6EC466ABC143699 /* [CP] Check Pods Manifest.lock */,
				FD10A7F022414F080027D42C /* Start Packager */,
				13B07F871A680F5B00A75B9A /* Sources */,
				13B07F8C1A680F5B00A75B9A /* Frameworks */,
				13B07F8E1A680F5B00A75B9A /* Resources */,
				00DD1BFF1BD5951E006B06BC /* Bundle React Native code and images */,
				E387897DFCB34717DD9E9448 /* [CP] Copy Pods Resources */,
			);
			buildRules = (
			);
			dependencies = (
			);
			name = LocationApp;
			productName = LocationApp;
			productReference = 13B07F961A680F5B00A75B9A /* LocationApp.app */;
			productType = "com.apple.product-type.application";
		};
		2D02E47A1E0B4A5D006451C7 /* LocationApp-tvOS */ = {
			isa = PBXNativeTarget;
			buildConfigurationList = 2D02E4BA1E0B4A5E006451C7 /* Build configuration list for PBXNativeTarget "LocationApp-tvOS" */;
			buildPhases = (
				A8452A905C43563FAFCBD82B /* [CP] Check Pods Manifest.lock */,
				FD10A7F122414F3F0027D42C /* Start Packager */,
				2D02E4771E0B4A5D006451C7 /* Sources */,
				2D02E4781E0B4A5D006451C7 /* Frameworks */,
				2D02E4791E0B4A5D006451C7 /* Resources */,
				2D02E4CB1E0B4B27006451C7 /* Bundle React Native Code And Images */,
			);
			buildRules = (
			);
			dependencies = (
			);
			name = "LocationApp-tvOS";
			productName = "LocationApp-tvOS";
			productReference = 2D02E47B1E0B4A5D006451C7 /* LocationApp-tvOS.app */;
			productType = "com.apple.product-type.application";
		};
		2D02E48F1E0B4A5D006451C7 /* LocationApp-tvOSTests */ = {
			isa = PBXNativeTarget;
			buildConfigurationList = 2D02E4BB1E0B4A5E006451C7 /* Build configuration list for PBXNativeTarget "LocationApp-tvOSTests" */;
			buildPhases = (
				BD52A2F56C2F1A0422EDDDB4 /* [CP] Check Pods Manifest.lock */,
				2D02E48C1E0B4A5D006451C7 /* Sources */,
				2D02E48D1E0B4A5D006451C7 /* Frameworks */,
				2D02E48E1E0B4A5D006451C7 /* Resources */,
			);
			buildRules = (
			);
			dependencies = (
				2D02E4921E0B4A5D006451C7 /* PBXTargetDependency */,
			);
			name = "LocationApp-tvOSTests";
			productName = "LocationApp-tvOSTests";
			productReference = 2D02E4901E0B4A5D006451C7 /* LocationApp-tvOSTests.xctest */;
			productType = "com.apple.product-type.bundle.unit-test";
		};
/* End PBXNativeTarget section */

/* Begin PBXProject section */
		83CBB9F71A601CBA00E9B192 /* Project object */ = {
			isa = PBXProject;
			attributes = {
				LastUpgradeCheck = 1130;
				TargetAttributes = {
					00E356ED1AD99517003FC87E = {
						CreatedOnToolsVersion = 6.2;
						TestTargetID = 13B07F861A680F5B00A75B9A;
					};
					13B07F861A680F5B00A75B9A = {
						DevelopmentTeam = 7BLQ2AA4R3;
						LastSwiftMigration = 1120;
					};
					2D02E47A1E0B4A5D006451C7 = {
						CreatedOnToolsVersion = 8.2.1;
						ProvisioningStyle = Automatic;
					};
					2D02E48F1E0B4A5D006451C7 = {
						CreatedOnToolsVersion = 8.2.1;
						ProvisioningStyle = Automatic;
						TestTargetID = 2D02E47A1E0B4A5D006451C7;
					};
				};
			};
			buildConfigurationList = 83CBB9FA1A601CBA00E9B192 /* Build configuration list for PBXProject "LocationApp" */;
			compatibilityVersion = "Xcode 3.2";
			developmentRegion = en;
			hasScannedForEncodings = 0;
			knownRegions = (
				en,
				Base,
			);
			mainGroup = 83CBB9F61A601CBA00E9B192;
			productRefGroup = 83CBBA001A601CBA00E9B192 /* Products */;
			projectDirPath = "";
			projectRoot = "";
			targets = (
				13B07F861A680F5B00A75B9A /* LocationApp */,
				00E356ED1AD99517003FC87E /* LocationAppTests */,
				2D02E47A1E0B4A5D006451C7 /* LocationApp-tvOS */,
				2D02E48F1E0B4A5D006451C7 /* LocationApp-tvOSTests */,
			);
		};
/* End PBXProject section */

/* Begin PBXResourcesBuildPhase section */
		00E356EC1AD99517003FC87E /* Resources */ = {
			isa = PBXResourcesBuildPhase;
			buildActionMask = 2147483647;
			files = (
			);
			runOnlyForDeploymentPostprocessing = 0;
		};
		13B07F8E1A680F5B00A75B9A /* Resources */ = {
			isa = PBXResourcesBuildPhase;
			buildActionMask = 2147483647;
			files = (
				81AB9BB82411601600AC10FF /* LaunchScreen.storyboard in Resources */,
				13B07FBF1A68108700A75B9A /* Images.xcassets in Resources */,
				86B38CD6F7F3418E8A4240F7 /* FuturaPT-Bold.otf in Resources */,
				EBDB5A3AF4BC486285F6922D /* FuturaPT-Book.otf in Resources */,
				E337250D86244139A651051D /* FuturaPT-Demi.otf in Resources */,
				68B1FC461F6C454BAE41C5BC /* FuturaPT-ExtraBold.otf in Resources */,
				75064DDDF03B45B6B722478C /* FuturaPT-Light.otf in Resources */,
				DF1C4A2D604F44C0A0BBF099 /* FuturaPT-Medium.otf in Resources */,
				B1F0A29D43BE435B8DF9291F /* FuturaPT-Heavy.otf in Resources */,
				15F9629CF19D48F58926A458 /* AntDesign.ttf in Resources */,
				2F934A2C274E47879B6472CC /* Entypo.ttf in Resources */,
				4C0DBFBAF28B426085C920BC /* EvilIcons.ttf in Resources */,
				83D75CD2F9934EB99B0433AE /* Feather.ttf in Resources */,
				2C924BF234F24E1992F7550E /* FontAwesome.ttf in Resources */,
				9E70FCE3D1DE49CCBD8B771A /* FontAwesome5_Brands.ttf in Resources */,
				F6450F2C04C34150BB1853C5 /* FontAwesome5_Regular.ttf in Resources */,
				F65965BC463F4E4D86F04D2D /* FontAwesome5_Solid.ttf in Resources */,
				5828185DDFB64DC59D4354AB /* Fontisto.ttf in Resources */,
				8EE910035A084E9A80A2503B /* Foundation.ttf in Resources */,
				C85E706689484DA29EC47877 /* Ionicons.ttf in Resources */,
				46B27F7DE88A455F9CC49AE2 /* MaterialCommunityIcons.ttf in Resources */,
				3CCF63C1C6FF473BA7165AEB /* MaterialIcons.ttf in Resources */,
				565D40ABF6204E6C8C5B777C /* Octicons.ttf in Resources */,
				6C5B76BCA23E49ACA3A8A131 /* SimpleLineIcons.ttf in Resources */,
				FB9DDEC893B94097922B9C51 /* Zocial.ttf in Resources */,
				C9A0DE4F4C0C47A18F407F24 /* HelveticaNowText-Black.otf in Resources */,
				683594CECC104D37883D3AC8 /* HelveticaNowText-BlackItalic.otf in Resources */,
				590EFD1BA75E4A21831F4471 /* HelveticaNowText-Bold.otf in Resources */,
				916AA2609A3043FC9E433176 /* HelveticaNowText-BoldItalic.otf in Resources */,
				9017DF000E7348ABA39B11DE /* HelveticaNowText-ExtBdIta.otf in Resources */,
				27FBA6F8DAF44A8B934D11D6 /* HelveticaNowText-ExtLtIta.otf in Resources */,
				7F7CDAF904E44E04B9FFA5CD /* HelveticaNowText-ExtraBold.otf in Resources */,
				B4F8FA02B37A489389486828 /* HelveticaNowText-ExtraLight.otf in Resources */,
				C14EA4C90F4D4258A0079FBB /* HelveticaNowText-Light.otf in Resources */,
				9BC651E51AA84966A500D87D /* HelveticaNowText-LightItalic.otf in Resources */,
				F6CE671C0090421198F82AE5 /* HelveticaNowText-Medium.otf in Resources */,
				DE1D7806BFBD414CBD8FB5EA /* HelveticaNowText-MediumItalic.otf in Resources */,
				F5C84A6AEBAE4FAE9D654C6B /* HelveticaNowText-RegIta.otf in Resources */,
				72A3241C2E3D41BF930E97A2 /* HelveticaNowText-Regular.otf in Resources */,
				4D3E5DED85B244DFAFFE3108 /* HelveticaNowText-Thin.otf in Resources */,
				75F835C65C1448AB83CAB5BA /* HelveticaNowText-ThinItalic.otf in Resources */,
				EDDE83BBCE06452EA7B85B4E /* Roboto-Black.ttf in Resources */,
				928450ECE7D947B4B519ECDD /* Roboto-BlackItalic.ttf in Resources */,
				5B9A9674E7F14591B8995100 /* Roboto-Bold.ttf in Resources */,
				52C7736EC12E4EB68F410774 /* Roboto-BoldItalic.ttf in Resources */,
				E9DD1817A1A64003AB7DED4C /* Roboto-Italic.ttf in Resources */,
				E78C9A1804CC40A2A7F7CCA4 /* Roboto-Light.ttf in Resources */,
				FCA5CC0855CC4E97BF8EA731 /* Roboto-LightItalic.ttf in Resources */,
				0C7271F7E9794F5DA3938B42 /* Roboto-Medium.ttf in Resources */,
				7A3447377C144DBD96AF7C71 /* Roboto-MediumItalic.ttf in Resources */,
				56C0599518F14CD48F0D470B /* Roboto-Regular.ttf in Resources */,
				E505EC75C39644D2A8DE8D10 /* Roboto-Thin.ttf in Resources */,
				C18C996C0BC24D65865FC2CC /* Roboto-ThinItalic.ttf in Resources */,
			);
			runOnlyForDeploymentPostprocessing = 0;
		};
		2D02E4791E0B4A5D006451C7 /* Resources */ = {
			isa = PBXResourcesBuildPhase;
			buildActionMask = 2147483647;
			files = (
				2D02E4BD1E0B4A84006451C7 /* Images.xcassets in Resources */,
			);
			runOnlyForDeploymentPostprocessing = 0;
		};
		2D02E48E1E0B4A5D006451C7 /* Resources */ = {
			isa = PBXResourcesBuildPhase;
			buildActionMask = 2147483647;
			files = (
			);
			runOnlyForDeploymentPostprocessing = 0;
		};
/* End PBXResourcesBuildPhase section */

/* Begin PBXShellScriptBuildPhase section */
		00DD1BFF1BD5951E006B06BC /* Bundle React Native code and images */ = {
			isa = PBXShellScriptBuildPhase;
			buildActionMask = 2147483647;
			files = (
			);
			inputPaths = (
			);
			name = "Bundle React Native code and images";
			outputPaths = (
			);
			runOnlyForDeploymentPostprocessing = 0;
			shellPath = /bin/sh;
			shellScript = "export NODE_BINARY=node\n../node_modules/react-native/scripts/react-native-xcode.sh";
		};
		1D5B0B5A1EEF13482754B663 /* [CP] Check Pods Manifest.lock */ = {
			isa = PBXShellScriptBuildPhase;
			buildActionMask = 2147483647;
			files = (
			);
			inputFileListPaths = (
			);
			inputPaths = (
				"${PODS_PODFILE_DIR_PATH}/Podfile.lock",
				"${PODS_ROOT}/Manifest.lock",
			);
			name = "[CP] Check Pods Manifest.lock";
			outputFileListPaths = (
			);
			outputPaths = (
				"$(DERIVED_FILE_DIR)/Pods-LocationApp-LocationAppTests-checkManifestLockResult.txt",
			);
			runOnlyForDeploymentPostprocessing = 0;
			shellPath = /bin/sh;
			shellScript = "diff \"${PODS_PODFILE_DIR_PATH}/Podfile.lock\" \"${PODS_ROOT}/Manifest.lock\" > /dev/null\nif [ $? != 0 ] ; then\n    # print error to STDERR\n    echo \"error: The sandbox is not in sync with the Podfile.lock. Run 'pod install' or update your CocoaPods installation.\" >&2\n    exit 1\nfi\n# This output is used by Xcode 'outputs' to avoid re-running this script phase.\necho \"SUCCESS\" > \"${SCRIPT_OUTPUT_FILE_0}\"\n";
			showEnvVarsInLog = 0;
		};
		2D02E4CB1E0B4B27006451C7 /* Bundle React Native Code And Images */ = {
			isa = PBXShellScriptBuildPhase;
			buildActionMask = 2147483647;
			files = (
			);
			inputPaths = (
			);
			name = "Bundle React Native Code And Images";
			outputPaths = (
			);
			runOnlyForDeploymentPostprocessing = 0;
			shellPath = /bin/sh;
			shellScript = "export NODE_BINARY=node\n../node_modules/react-native/scripts/react-native-xcode.sh";
		};
		4FE75A0F01D74BD978D424DD /* [CP] Copy Pods Resources */ = {
			isa = PBXShellScriptBuildPhase;
			buildActionMask = 2147483647;
			files = (
			);
			inputPaths = (
				"${PODS_ROOT}/Target Support Files/Pods-LocationApp-LocationAppTests/Pods-LocationApp-LocationAppTests-resources.sh",
				"${PODS_ROOT}/GoogleMaps/Maps/Frameworks/GoogleMaps.framework/Resources/GoogleMaps.bundle",
				"${PODS_ROOT}/../../node_modules/react-native-vector-icons/Fonts/AntDesign.ttf",
				"${PODS_ROOT}/../../node_modules/react-native-vector-icons/Fonts/Entypo.ttf",
				"${PODS_ROOT}/../../node_modules/react-native-vector-icons/Fonts/EvilIcons.ttf",
				"${PODS_ROOT}/../../node_modules/react-native-vector-icons/Fonts/Feather.ttf",
				"${PODS_ROOT}/../../node_modules/react-native-vector-icons/Fonts/FontAwesome.ttf",
				"${PODS_ROOT}/../../node_modules/react-native-vector-icons/Fonts/FontAwesome5_Brands.ttf",
				"${PODS_ROOT}/../../node_modules/react-native-vector-icons/Fonts/FontAwesome5_Regular.ttf",
				"${PODS_ROOT}/../../node_modules/react-native-vector-icons/Fonts/FontAwesome5_Solid.ttf",
				"${PODS_ROOT}/../../node_modules/react-native-vector-icons/Fonts/Fontisto.ttf",
				"${PODS_ROOT}/../../node_modules/react-native-vector-icons/Fonts/Foundation.ttf",
				"${PODS_ROOT}/../../node_modules/react-native-vector-icons/Fonts/Ionicons.ttf",
				"${PODS_ROOT}/../../node_modules/react-native-vector-icons/Fonts/MaterialCommunityIcons.ttf",
				"${PODS_ROOT}/../../node_modules/react-native-vector-icons/Fonts/MaterialIcons.ttf",
				"${PODS_ROOT}/../../node_modules/react-native-vector-icons/Fonts/Octicons.ttf",
				"${PODS_ROOT}/../../node_modules/react-native-vector-icons/Fonts/SimpleLineIcons.ttf",
				"${PODS_ROOT}/../../node_modules/react-native-vector-icons/Fonts/Zocial.ttf",
				"${PODS_CONFIGURATION_BUILD_DIR}/React-Core/AccessibilityResources.bundle",
			);
			name = "[CP] Copy Pods Resources";
			outputPaths = (
				"${TARGET_BUILD_DIR}/${UNLOCALIZED_RESOURCES_FOLDER_PATH}/GoogleMaps.bundle",
				"${TARGET_BUILD_DIR}/${UNLOCALIZED_RESOURCES_FOLDER_PATH}/AntDesign.ttf",
				"${TARGET_BUILD_DIR}/${UNLOCALIZED_RESOURCES_FOLDER_PATH}/Entypo.ttf",
				"${TARGET_BUILD_DIR}/${UNLOCALIZED_RESOURCES_FOLDER_PATH}/EvilIcons.ttf",
				"${TARGET_BUILD_DIR}/${UNLOCALIZED_RESOURCES_FOLDER_PATH}/Feather.ttf",
				"${TARGET_BUILD_DIR}/${UNLOCALIZED_RESOURCES_FOLDER_PATH}/FontAwesome.ttf",
				"${TARGET_BUILD_DIR}/${UNLOCALIZED_RESOURCES_FOLDER_PATH}/FontAwesome5_Brands.ttf",
				"${TARGET_BUILD_DIR}/${UNLOCALIZED_RESOURCES_FOLDER_PATH}/FontAwesome5_Regular.ttf",
				"${TARGET_BUILD_DIR}/${UNLOCALIZED_RESOURCES_FOLDER_PATH}/FontAwesome5_Solid.ttf",
				"${TARGET_BUILD_DIR}/${UNLOCALIZED_RESOURCES_FOLDER_PATH}/Fontisto.ttf",
				"${TARGET_BUILD_DIR}/${UNLOCALIZED_RESOURCES_FOLDER_PATH}/Foundation.ttf",
				"${TARGET_BUILD_DIR}/${UNLOCALIZED_RESOURCES_FOLDER_PATH}/Ionicons.ttf",
				"${TARGET_BUILD_DIR}/${UNLOCALIZED_RESOURCES_FOLDER_PATH}/MaterialCommunityIcons.ttf",
				"${TARGET_BUILD_DIR}/${UNLOCALIZED_RESOURCES_FOLDER_PATH}/MaterialIcons.ttf",
				"${TARGET_BUILD_DIR}/${UNLOCALIZED_RESOURCES_FOLDER_PATH}/Octicons.ttf",
				"${TARGET_BUILD_DIR}/${UNLOCALIZED_RESOURCES_FOLDER_PATH}/SimpleLineIcons.ttf",
				"${TARGET_BUILD_DIR}/${UNLOCALIZED_RESOURCES_FOLDER_PATH}/Zocial.ttf",
				"${TARGET_BUILD_DIR}/${UNLOCALIZED_RESOURCES_FOLDER_PATH}/AccessibilityResources.bundle",
			);
			runOnlyForDeploymentPostprocessing = 0;
			shellPath = /bin/sh;
			shellScript = "\"${PODS_ROOT}/Target Support Files/Pods-LocationApp-LocationAppTests/Pods-LocationApp-LocationAppTests-resources.sh\"\n";
			showEnvVarsInLog = 0;
		};
		A8452A905C43563FAFCBD82B /* [CP] Check Pods Manifest.lock */ = {
			isa = PBXShellScriptBuildPhase;
			buildActionMask = 2147483647;
			files = (
			);
			inputFileListPaths = (
			);
			inputPaths = (
				"${PODS_PODFILE_DIR_PATH}/Podfile.lock",
				"${PODS_ROOT}/Manifest.lock",
			);
			name = "[CP] Check Pods Manifest.lock";
			outputFileListPaths = (
			);
			outputPaths = (
				"$(DERIVED_FILE_DIR)/Pods-LocationApp-tvOS-checkManifestLockResult.txt",
			);
			runOnlyForDeploymentPostprocessing = 0;
			shellPath = /bin/sh;
			shellScript = "diff \"${PODS_PODFILE_DIR_PATH}/Podfile.lock\" \"${PODS_ROOT}/Manifest.lock\" > /dev/null\nif [ $? != 0 ] ; then\n    # print error to STDERR\n    echo \"error: The sandbox is not in sync with the Podfile.lock. Run 'pod install' or update your CocoaPods installation.\" >&2\n    exit 1\nfi\n# This output is used by Xcode 'outputs' to avoid re-running this script phase.\necho \"SUCCESS\" > \"${SCRIPT_OUTPUT_FILE_0}\"\n";
			showEnvVarsInLog = 0;
		};
		B92B399BA6EC466ABC143699 /* [CP] Check Pods Manifest.lock */ = {
			isa = PBXShellScriptBuildPhase;
			buildActionMask = 2147483647;
			files = (
			);
			inputFileListPaths = (
			);
			inputPaths = (
				"${PODS_PODFILE_DIR_PATH}/Podfile.lock",
				"${PODS_ROOT}/Manifest.lock",
			);
			name = "[CP] Check Pods Manifest.lock";
			outputFileListPaths = (
			);
			outputPaths = (
				"$(DERIVED_FILE_DIR)/Pods-LocationApp-checkManifestLockResult.txt",
			);
			runOnlyForDeploymentPostprocessing = 0;
			shellPath = /bin/sh;
			shellScript = "diff \"${PODS_PODFILE_DIR_PATH}/Podfile.lock\" \"${PODS_ROOT}/Manifest.lock\" > /dev/null\nif [ $? != 0 ] ; then\n    # print error to STDERR\n    echo \"error: The sandbox is not in sync with the Podfile.lock. Run 'pod install' or update your CocoaPods installation.\" >&2\n    exit 1\nfi\n# This output is used by Xcode 'outputs' to avoid re-running this script phase.\necho \"SUCCESS\" > \"${SCRIPT_OUTPUT_FILE_0}\"\n";
			showEnvVarsInLog = 0;
		};
		BD52A2F56C2F1A0422EDDDB4 /* [CP] Check Pods Manifest.lock */ = {
			isa = PBXShellScriptBuildPhase;
			buildActionMask = 2147483647;
			files = (
			);
			inputFileListPaths = (
			);
			inputPaths = (
				"${PODS_PODFILE_DIR_PATH}/Podfile.lock",
				"${PODS_ROOT}/Manifest.lock",
			);
			name = "[CP] Check Pods Manifest.lock";
			outputFileListPaths = (
			);
			outputPaths = (
				"$(DERIVED_FILE_DIR)/Pods-LocationApp-tvOSTests-checkManifestLockResult.txt",
			);
			runOnlyForDeploymentPostprocessing = 0;
			shellPath = /bin/sh;
			shellScript = "diff \"${PODS_PODFILE_DIR_PATH}/Podfile.lock\" \"${PODS_ROOT}/Manifest.lock\" > /dev/null\nif [ $? != 0 ] ; then\n    # print error to STDERR\n    echo \"error: The sandbox is not in sync with the Podfile.lock. Run 'pod install' or update your CocoaPods installation.\" >&2\n    exit 1\nfi\n# This output is used by Xcode 'outputs' to avoid re-running this script phase.\necho \"SUCCESS\" > \"${SCRIPT_OUTPUT_FILE_0}\"\n";
			showEnvVarsInLog = 0;
		};
		E387897DFCB34717DD9E9448 /* [CP] Copy Pods Resources */ = {
			isa = PBXShellScriptBuildPhase;
			buildActionMask = 2147483647;
			files = (
			);
			inputPaths = (
				"${PODS_ROOT}/Target Support Files/Pods-LocationApp/Pods-LocationApp-resources.sh",
				"${PODS_ROOT}/GoogleMaps/Maps/Frameworks/GoogleMaps.framework/Resources/GoogleMaps.bundle",
				"${PODS_CONFIGURATION_BUILD_DIR}/React-Core/AccessibilityResources.bundle",
			);
			name = "[CP] Copy Pods Resources";
			outputPaths = (
				"${TARGET_BUILD_DIR}/${UNLOCALIZED_RESOURCES_FOLDER_PATH}/GoogleMaps.bundle",
				"${TARGET_BUILD_DIR}/${UNLOCALIZED_RESOURCES_FOLDER_PATH}/AccessibilityResources.bundle",
			);
			runOnlyForDeploymentPostprocessing = 0;
			shellPath = /bin/sh;
			shellScript = "\"${PODS_ROOT}/Target Support Files/Pods-LocationApp/Pods-LocationApp-resources.sh\"\n";
			showEnvVarsInLog = 0;
		};
		FD10A7F022414F080027D42C /* Start Packager */ = {
			isa = PBXShellScriptBuildPhase;
			buildActionMask = 2147483647;
			files = (
			);
			inputFileListPaths = (
			);
			inputPaths = (
			);
			name = "Start Packager";
			outputFileListPaths = (
			);
			outputPaths = (
			);
			runOnlyForDeploymentPostprocessing = 0;
			shellPath = /bin/sh;
			shellScript = "export RCT_METRO_PORT=\"${RCT_METRO_PORT:=8081}\"\necho \"export RCT_METRO_PORT=${RCT_METRO_PORT}\" > \"${SRCROOT}/../node_modules/react-native/scripts/.packager.env\"\nif [ -z \"${RCT_NO_LAUNCH_PACKAGER+xxx}\" ] ; then\n  if nc -w 5 -z localhost ${RCT_METRO_PORT} ; then\n    if ! curl -s \"http://localhost:${RCT_METRO_PORT}/status\" | grep -q \"packager-status:running\" ; then\n      echo \"Port ${RCT_METRO_PORT} already in use, packager is either not running or not running correctly\"\n      exit 2\n    fi\n  else\n    open \"$SRCROOT/../node_modules/react-native/scripts/launchPackager.command\" || echo \"Can't start packager automatically\"\n  fi\nfi\n";
			showEnvVarsInLog = 0;
		};
		FD10A7F122414F3F0027D42C /* Start Packager */ = {
			isa = PBXShellScriptBuildPhase;
			buildActionMask = 2147483647;
			files = (
			);
			inputFileListPaths = (
			);
			inputPaths = (
			);
			name = "Start Packager";
			outputFileListPaths = (
			);
			outputPaths = (
			);
			runOnlyForDeploymentPostprocessing = 0;
			shellPath = /bin/sh;
			shellScript = "export RCT_METRO_PORT=\"${RCT_METRO_PORT:=8081}\"\necho \"export RCT_METRO_PORT=${RCT_METRO_PORT}\" > \"${SRCROOT}/../node_modules/react-native/scripts/.packager.env\"\nif [ -z \"${RCT_NO_LAUNCH_PACKAGER+xxx}\" ] ; then\n  if nc -w 5 -z localhost ${RCT_METRO_PORT} ; then\n    if ! curl -s \"http://localhost:${RCT_METRO_PORT}/status\" | grep -q \"packager-status:running\" ; then\n      echo \"Port ${RCT_METRO_PORT} already in use, packager is either not running or not running correctly\"\n      exit 2\n    fi\n  else\n    open \"$SRCROOT/../node_modules/react-native/scripts/launchPackager.command\" || echo \"Can't start packager automatically\"\n  fi\nfi\n";
			showEnvVarsInLog = 0;
		};
/* End PBXShellScriptBuildPhase section */

/* Begin PBXSourcesBuildPhase section */
		00E356EA1AD99517003FC87E /* Sources */ = {
			isa = PBXSourcesBuildPhase;
			buildActionMask = 2147483647;
			files = (
				00E356F31AD99517003FC87E /* LocationAppTests.m in Sources */,
			);
			runOnlyForDeploymentPostprocessing = 0;
		};
		13B07F871A680F5B00A75B9A /* Sources */ = {
			isa = PBXSourcesBuildPhase;
			buildActionMask = 2147483647;
			files = (
				13B07FBC1A68108700A75B9A /* AppDelegate.m in Sources */,
				13B07FC11A68108700A75B9A /* main.m in Sources */,
			);
			runOnlyForDeploymentPostprocessing = 0;
		};
		2D02E4771E0B4A5D006451C7 /* Sources */ = {
			isa = PBXSourcesBuildPhase;
			buildActionMask = 2147483647;
			files = (
				2D02E4BF1E0B4AB3006451C7 /* main.m in Sources */,
				2D02E4BC1E0B4A80006451C7 /* AppDelegate.m in Sources */,
			);
			runOnlyForDeploymentPostprocessing = 0;
		};
		2D02E48C1E0B4A5D006451C7 /* Sources */ = {
			isa = PBXSourcesBuildPhase;
			buildActionMask = 2147483647;
			files = (
				2DCD954D1E0B4F2C00145EB5 /* LocationAppTests.m in Sources */,
			);
			runOnlyForDeploymentPostprocessing = 0;
		};
/* End PBXSourcesBuildPhase section */

/* Begin PBXTargetDependency section */
		00E356F51AD99517003FC87E /* PBXTargetDependency */ = {
			isa = PBXTargetDependency;
			target = 13B07F861A680F5B00A75B9A /* LocationApp */;
			targetProxy = 00E356F41AD99517003FC87E /* PBXContainerItemProxy */;
		};
		2D02E4921E0B4A5D006451C7 /* PBXTargetDependency */ = {
			isa = PBXTargetDependency;
			target = 2D02E47A1E0B4A5D006451C7 /* LocationApp-tvOS */;
			targetProxy = 2D02E4911E0B4A5D006451C7 /* PBXContainerItemProxy */;
		};
/* End PBXTargetDependency section */

/* Begin XCBuildConfiguration section */
		00E356F61AD99517003FC87E /* Debug */ = {
			isa = XCBuildConfiguration;
			baseConfigurationReference = 5FA144BB0EB66E0F30F144FB /* Pods-LocationApp-LocationAppTests.debug.xcconfig */;
			buildSettings = {
				BUNDLE_LOADER = "$(TEST_HOST)";
				GCC_PREPROCESSOR_DEFINITIONS = (
					"DEBUG=1",
					"$(inherited)",
				);
				INFOPLIST_FILE = LocationAppTests/Info.plist;
				IPHONEOS_DEPLOYMENT_TARGET = 10.0;
				LD_RUNPATH_SEARCH_PATHS = "$(inherited) @executable_path/Frameworks @loader_path/Frameworks";
				OTHER_LDFLAGS = (
					"-ObjC",
					"-lc++",
					"$(inherited)",
				);
				PRODUCT_BUNDLE_IDENTIFIER = "org.reactjs.native.example.$(PRODUCT_NAME:rfc1034identifier)";
				PRODUCT_NAME = "$(TARGET_NAME)";
				TEST_HOST = "$(BUILT_PRODUCTS_DIR)/LocationApp.app/LocationApp";
			};
			name = Debug;
		};
		00E356F71AD99517003FC87E /* Release */ = {
			isa = XCBuildConfiguration;
			baseConfigurationReference = 43D8BA774C066ECE15309D2C /* Pods-LocationApp-LocationAppTests.release.xcconfig */;
			buildSettings = {
				BUNDLE_LOADER = "$(TEST_HOST)";
				COPY_PHASE_STRIP = NO;
				INFOPLIST_FILE = LocationAppTests/Info.plist;
				IPHONEOS_DEPLOYMENT_TARGET = 10.0;
				LD_RUNPATH_SEARCH_PATHS = "$(inherited) @executable_path/Frameworks @loader_path/Frameworks";
				OTHER_LDFLAGS = (
					"-ObjC",
					"-lc++",
					"$(inherited)",
				);
				PRODUCT_BUNDLE_IDENTIFIER = "org.reactjs.native.example.$(PRODUCT_NAME:rfc1034identifier)";
				PRODUCT_NAME = "$(TARGET_NAME)";
				TEST_HOST = "$(BUILT_PRODUCTS_DIR)/LocationApp.app/LocationApp";
			};
			name = Release;
		};
		13B07F941A680F5B00A75B9A /* Debug */ = {
			isa = XCBuildConfiguration;
			baseConfigurationReference = C1456F575E4470459D9C9681 /* Pods-LocationApp.debug.xcconfig */;
			buildSettings = {
				ASSETCATALOG_COMPILER_APPICON_NAME = AppIcon;
				CLANG_ENABLE_MODULES = YES;
				CURRENT_PROJECT_VERSION = 1;
				DEVELOPMENT_TEAM = 7BLQ2AA4R3;
				ENABLE_BITCODE = NO;
				INFOPLIST_FILE = LocationApp/Info.plist;
				LD_RUNPATH_SEARCH_PATHS = "$(inherited) @executable_path/Frameworks";
				OTHER_LDFLAGS = (
					"$(inherited)",
					"-ObjC",
					"-lc++",
				);
				PRODUCT_BUNDLE_IDENTIFIER = uz.ipakyol.app;
				PRODUCT_NAME = LocationApp;
				SWIFT_OPTIMIZATION_LEVEL = "-Onone";
				SWIFT_VERSION = 5.0;
				VERSIONING_SYSTEM = "apple-generic";
			};
			name = Debug;
		};
		13B07F951A680F5B00A75B9A /* Release */ = {
			isa = XCBuildConfiguration;
			baseConfigurationReference = 076C47FF013F5F0579BB03B1 /* Pods-LocationApp.release.xcconfig */;
			buildSettings = {
				ASSETCATALOG_COMPILER_APPICON_NAME = AppIcon;
				CLANG_ENABLE_MODULES = YES;
				CURRENT_PROJECT_VERSION = 1;
				DEVELOPMENT_TEAM = 7BLQ2AA4R3;
				INFOPLIST_FILE = LocationApp/Info.plist;
				LD_RUNPATH_SEARCH_PATHS = "$(inherited) @executable_path/Frameworks";
				OTHER_LDFLAGS = (
					"$(inherited)",
					"-ObjC",
					"-lc++",
				);
				PRODUCT_BUNDLE_IDENTIFIER = uz.ipakyol.app;
				PRODUCT_NAME = LocationApp;
				SWIFT_VERSION = 5.0;
				VERSIONING_SYSTEM = "apple-generic";
			};
			name = Release;
		};
		2D02E4971E0B4A5E006451C7 /* Debug */ = {
			isa = XCBuildConfiguration;
			baseConfigurationReference = A370D59BA12D0ED473634033 /* Pods-LocationApp-tvOS.debug.xcconfig */;
			buildSettings = {
				ASSETCATALOG_COMPILER_APPICON_NAME = "App Icon & Top Shelf Image";
				ASSETCATALOG_COMPILER_LAUNCHIMAGE_NAME = LaunchImage;
				CLANG_ANALYZER_NONNULL = YES;
				CLANG_WARN_DOCUMENTATION_COMMENTS = YES;
				CLANG_WARN_INFINITE_RECURSION = YES;
				CLANG_WARN_SUSPICIOUS_MOVE = YES;
				DEBUG_INFORMATION_FORMAT = dwarf;
				ENABLE_TESTABILITY = YES;
				GCC_NO_COMMON_BLOCKS = YES;
				INFOPLIST_FILE = "LocationApp-tvOS/Info.plist";
				LD_RUNPATH_SEARCH_PATHS = "$(inherited) @executable_path/Frameworks";
				OTHER_LDFLAGS = (
					"$(inherited)",
					"-ObjC",
					"-lc++",
				);
				PRODUCT_BUNDLE_IDENTIFIER = "org.reactjs.native.example.LocationApp-tvOS";
				PRODUCT_NAME = "$(TARGET_NAME)";
				SDKROOT = appletvos;
				TARGETED_DEVICE_FAMILY = 3;
				TVOS_DEPLOYMENT_TARGET = 10.0;
			};
			name = Debug;
		};
		2D02E4981E0B4A5E006451C7 /* Release */ = {
			isa = XCBuildConfiguration;
			baseConfigurationReference = 3F738F6C68A9B811F84823DE /* Pods-LocationApp-tvOS.release.xcconfig */;
			buildSettings = {
				ASSETCATALOG_COMPILER_APPICON_NAME = "App Icon & Top Shelf Image";
				ASSETCATALOG_COMPILER_LAUNCHIMAGE_NAME = LaunchImage;
				CLANG_ANALYZER_NONNULL = YES;
				CLANG_WARN_DOCUMENTATION_COMMENTS = YES;
				CLANG_WARN_INFINITE_RECURSION = YES;
				CLANG_WARN_SUSPICIOUS_MOVE = YES;
				COPY_PHASE_STRIP = NO;
				DEBUG_INFORMATION_FORMAT = "dwarf-with-dsym";
				GCC_NO_COMMON_BLOCKS = YES;
				INFOPLIST_FILE = "LocationApp-tvOS/Info.plist";
				LD_RUNPATH_SEARCH_PATHS = "$(inherited) @executable_path/Frameworks";
				OTHER_LDFLAGS = (
					"$(inherited)",
					"-ObjC",
					"-lc++",
				);
				PRODUCT_BUNDLE_IDENTIFIER = "org.reactjs.native.example.LocationApp-tvOS";
				PRODUCT_NAME = "$(TARGET_NAME)";
				SDKROOT = appletvos;
				TARGETED_DEVICE_FAMILY = 3;
				TVOS_DEPLOYMENT_TARGET = 10.0;
			};
			name = Release;
		};
		2D02E4991E0B4A5E006451C7 /* Debug */ = {
			isa = XCBuildConfiguration;
			baseConfigurationReference = 4B988C4FA4869D3F6228757D /* Pods-LocationApp-tvOSTests.debug.xcconfig */;
			buildSettings = {
				BUNDLE_LOADER = "$(TEST_HOST)";
				CLANG_ANALYZER_NONNULL = YES;
				CLANG_WARN_DOCUMENTATION_COMMENTS = YES;
				CLANG_WARN_INFINITE_RECURSION = YES;
				CLANG_WARN_SUSPICIOUS_MOVE = YES;
				DEBUG_INFORMATION_FORMAT = dwarf;
				ENABLE_TESTABILITY = YES;
				GCC_NO_COMMON_BLOCKS = YES;
				INFOPLIST_FILE = "LocationApp-tvOSTests/Info.plist";
				LD_RUNPATH_SEARCH_PATHS = "$(inherited) @executable_path/Frameworks @loader_path/Frameworks";
				OTHER_LDFLAGS = (
					"$(inherited)",
					"-ObjC",
					"-lc++",
				);
				PRODUCT_BUNDLE_IDENTIFIER = "org.reactjs.native.example.LocationApp-tvOSTests";
				PRODUCT_NAME = "$(TARGET_NAME)";
				SDKROOT = appletvos;
				TEST_HOST = "$(BUILT_PRODUCTS_DIR)/LocationApp-tvOS.app/LocationApp-tvOS";
				TVOS_DEPLOYMENT_TARGET = 10.1;
			};
			name = Debug;
		};
		2D02E49A1E0B4A5E006451C7 /* Release */ = {
			isa = XCBuildConfiguration;
			baseConfigurationReference = 53261066296801D3EAB71B93 /* Pods-LocationApp-tvOSTests.release.xcconfig */;
			buildSettings = {
				BUNDLE_LOADER = "$(TEST_HOST)";
				CLANG_ANALYZER_NONNULL = YES;
				CLANG_WARN_DOCUMENTATION_COMMENTS = YES;
				CLANG_WARN_INFINITE_RECURSION = YES;
				CLANG_WARN_SUSPICIOUS_MOVE = YES;
				COPY_PHASE_STRIP = NO;
				DEBUG_INFORMATION_FORMAT = "dwarf-with-dsym";
				GCC_NO_COMMON_BLOCKS = YES;
				INFOPLIST_FILE = "LocationApp-tvOSTests/Info.plist";
				LD_RUNPATH_SEARCH_PATHS = "$(inherited) @executable_path/Frameworks @loader_path/Frameworks";
				OTHER_LDFLAGS = (
					"$(inherited)",
					"-ObjC",
					"-lc++",
				);
				PRODUCT_BUNDLE_IDENTIFIER = "org.reactjs.native.example.LocationApp-tvOSTests";
				PRODUCT_NAME = "$(TARGET_NAME)";
				SDKROOT = appletvos;
				TEST_HOST = "$(BUILT_PRODUCTS_DIR)/LocationApp-tvOS.app/LocationApp-tvOS";
				TVOS_DEPLOYMENT_TARGET = 10.1;
			};
			name = Release;
		};
		83CBBA201A601CBA00E9B192 /* Debug */ = {
			isa = XCBuildConfiguration;
			buildSettings = {
				ALWAYS_SEARCH_USER_PATHS = NO;
				CLANG_ANALYZER_LOCALIZABILITY_NONLOCALIZED = YES;
				CLANG_CXX_LANGUAGE_STANDARD = "gnu++0x";
				CLANG_CXX_LIBRARY = "libc++";
				CLANG_ENABLE_MODULES = YES;
				CLANG_ENABLE_OBJC_ARC = YES;
				CLANG_WARN_BLOCK_CAPTURE_AUTORELEASING = YES;
				CLANG_WARN_BOOL_CONVERSION = YES;
				CLANG_WARN_COMMA = YES;
				CLANG_WARN_CONSTANT_CONVERSION = YES;
				CLANG_WARN_DEPRECATED_OBJC_IMPLEMENTATIONS = YES;
				CLANG_WARN_DIRECT_OBJC_ISA_USAGE = YES_ERROR;
				CLANG_WARN_EMPTY_BODY = YES;
				CLANG_WARN_ENUM_CONVERSION = YES;
				CLANG_WARN_INFINITE_RECURSION = YES;
				CLANG_WARN_INT_CONVERSION = YES;
				CLANG_WARN_NON_LITERAL_NULL_CONVERSION = YES;
				CLANG_WARN_OBJC_IMPLICIT_RETAIN_SELF = YES;
				CLANG_WARN_OBJC_LITERAL_CONVERSION = YES;
				CLANG_WARN_OBJC_ROOT_CLASS = YES_ERROR;
				CLANG_WARN_RANGE_LOOP_ANALYSIS = YES;
				CLANG_WARN_STRICT_PROTOTYPES = YES;
				CLANG_WARN_SUSPICIOUS_MOVE = YES;
				CLANG_WARN_UNREACHABLE_CODE = YES;
				CLANG_WARN__DUPLICATE_METHOD_MATCH = YES;
				"CODE_SIGN_IDENTITY[sdk=iphoneos*]" = "iPhone Developer";
				COPY_PHASE_STRIP = NO;
				ENABLE_STRICT_OBJC_MSGSEND = YES;
				ENABLE_TESTABILITY = YES;
				GCC_C_LANGUAGE_STANDARD = gnu99;
				GCC_DYNAMIC_NO_PIC = NO;
				GCC_NO_COMMON_BLOCKS = YES;
				GCC_OPTIMIZATION_LEVEL = 0;
				GCC_PREPROCESSOR_DEFINITIONS = (
					"DEBUG=1",
					"$(inherited)",
				);
				GCC_SYMBOLS_PRIVATE_EXTERN = NO;
				GCC_WARN_64_TO_32_BIT_CONVERSION = YES;
				GCC_WARN_ABOUT_RETURN_TYPE = YES_ERROR;
				GCC_WARN_UNDECLARED_SELECTOR = YES;
				GCC_WARN_UNINITIALIZED_AUTOS = YES_AGGRESSIVE;
				GCC_WARN_UNUSED_FUNCTION = YES;
				GCC_WARN_UNUSED_VARIABLE = YES;
				IPHONEOS_DEPLOYMENT_TARGET = 10.0;
				LD_RUNPATH_SEARCH_PATHS = "/usr/lib/swift $(inherited)";
				LIBRARY_SEARCH_PATHS = (
					"\"$(TOOLCHAIN_DIR)/usr/lib/swift/$(PLATFORM_NAME)\"",
					"\"$(TOOLCHAIN_DIR)/usr/lib/swift-5.0/$(PLATFORM_NAME)\"",
					"\"$(inherited)\"",
				);
				MTL_ENABLE_DEBUG_INFO = YES;
				ONLY_ACTIVE_ARCH = YES;
				SDKROOT = iphoneos;
			};
			name = Debug;
		};
		83CBBA211A601CBA00E9B192 /* Release */ = {
			isa = XCBuildConfiguration;
			buildSettings = {
				ALWAYS_SEARCH_USER_PATHS = NO;
				CLANG_ANALYZER_LOCALIZABILITY_NONLOCALIZED = YES;
				CLANG_CXX_LANGUAGE_STANDARD = "gnu++0x";
				CLANG_CXX_LIBRARY = "libc++";
				CLANG_ENABLE_MODULES = YES;
				CLANG_ENABLE_OBJC_ARC = YES;
				CLANG_WARN_BLOCK_CAPTURE_AUTORELEASING = YES;
				CLANG_WARN_BOOL_CONVERSION = YES;
				CLANG_WARN_COMMA = YES;
				CLANG_WARN_CONSTANT_CONVERSION = YES;
				CLANG_WARN_DEPRECATED_OBJC_IMPLEMENTATIONS = YES;
				CLANG_WARN_DIRECT_OBJC_ISA_USAGE = YES_ERROR;
				CLANG_WARN_EMPTY_BODY = YES;
				CLANG_WARN_ENUM_CONVERSION = YES;
				CLANG_WARN_INFINITE_RECURSION = YES;
				CLANG_WARN_INT_CONVERSION = YES;
				CLANG_WARN_NON_LITERAL_NULL_CONVERSION = YES;
				CLANG_WARN_OBJC_IMPLICIT_RETAIN_SELF = YES;
				CLANG_WARN_OBJC_LITERAL_CONVERSION = YES;
				CLANG_WARN_OBJC_ROOT_CLASS = YES_ERROR;
				CLANG_WARN_RANGE_LOOP_ANALYSIS = YES;
				CLANG_WARN_STRICT_PROTOTYPES = YES;
				CLANG_WARN_SUSPICIOUS_MOVE = YES;
				CLANG_WARN_UNREACHABLE_CODE = YES;
				CLANG_WARN__DUPLICATE_METHOD_MATCH = YES;
				"CODE_SIGN_IDENTITY[sdk=iphoneos*]" = "iPhone Developer";
				COPY_PHASE_STRIP = YES;
				ENABLE_NS_ASSERTIONS = NO;
				ENABLE_STRICT_OBJC_MSGSEND = YES;
				GCC_C_LANGUAGE_STANDARD = gnu99;
				GCC_NO_COMMON_BLOCKS = YES;
				GCC_WARN_64_TO_32_BIT_CONVERSION = YES;
				GCC_WARN_ABOUT_RETURN_TYPE = YES_ERROR;
				GCC_WARN_UNDECLARED_SELECTOR = YES;
				GCC_WARN_UNINITIALIZED_AUTOS = YES_AGGRESSIVE;
				GCC_WARN_UNUSED_FUNCTION = YES;
				GCC_WARN_UNUSED_VARIABLE = YES;
				IPHONEOS_DEPLOYMENT_TARGET = 10.0;
				LD_RUNPATH_SEARCH_PATHS = "/usr/lib/swift $(inherited)";
				LIBRARY_SEARCH_PATHS = (
					"\"$(TOOLCHAIN_DIR)/usr/lib/swift/$(PLATFORM_NAME)\"",
					"\"$(TOOLCHAIN_DIR)/usr/lib/swift-5.0/$(PLATFORM_NAME)\"",
					"\"$(inherited)\"",
				);
				MTL_ENABLE_DEBUG_INFO = NO;
				SDKROOT = iphoneos;
				VALIDATE_PRODUCT = YES;
			};
			name = Release;
		};
/* End XCBuildConfiguration section */

/* Begin XCConfigurationList section */
		00E357021AD99517003FC87E /* Build configuration list for PBXNativeTarget "LocationAppTests" */ = {
			isa = XCConfigurationList;
			buildConfigurations = (
				00E356F61AD99517003FC87E /* Debug */,
				00E356F71AD99517003FC87E /* Release */,
			);
			defaultConfigurationIsVisible = 0;
			defaultConfigurationName = Release;
		};
		13B07F931A680F5B00A75B9A /* Build configuration list for PBXNativeTarget "LocationApp" */ = {
			isa = XCConfigurationList;
			buildConfigurations = (
				13B07F941A680F5B00A75B9A /* Debug */,
				13B07F951A680F5B00A75B9A /* Release */,
			);
			defaultConfigurationIsVisible = 0;
			defaultConfigurationName = Release;
		};
		2D02E4BA1E0B4A5E006451C7 /* Build configuration list for PBXNativeTarget "LocationApp-tvOS" */ = {
			isa = XCConfigurationList;
			buildConfigurations = (
				2D02E4971E0B4A5E006451C7 /* Debug */,
				2D02E4981E0B4A5E006451C7 /* Release */,
			);
			defaultConfigurationIsVisible = 0;
			defaultConfigurationName = Release;
		};
		2D02E4BB1E0B4A5E006451C7 /* Build configuration list for PBXNativeTarget "LocationApp-tvOSTests" */ = {
			isa = XCConfigurationList;
			buildConfigurations = (
				2D02E4991E0B4A5E006451C7 /* Debug */,
				2D02E49A1E0B4A5E006451C7 /* Release */,
			);
			defaultConfigurationIsVisible = 0;
			defaultConfigurationName = Release;
		};
		83CBB9FA1A601CBA00E9B192 /* Build configuration list for PBXProject "LocationApp" */ = {
			isa = XCConfigurationList;
			buildConfigurations = (
				83CBBA201A601CBA00E9B192 /* Debug */,
				83CBBA211A601CBA00E9B192 /* Release */,
			);
			defaultConfigurationIsVisible = 0;
			defaultConfigurationName = Release;
		};
/* End XCConfigurationList section */
	};
	rootObject = 83CBB9F71A601CBA00E9B192 /* Project object */;
}
